// !$*UTF8*$!
{
	archiveVersion = 1;
	classes = {
	};
	objectVersion = 46;
	objects = {

/* Begin PBXBuildFile section */
		562D403F1EFBE8A100BF0E0D /* FSLocalEditorController.m in Sources */ = {isa = PBXBuildFile; fileRef = 562D403E1EFBE8A100BF0E0D /* FSLocalEditorController.m */; };
		562D40541EFD1DE200BF0E0D /* AFHTTPSessionManager.m in Sources */ = {isa = PBXBuildFile; fileRef = 562D40481EFD1DE200BF0E0D /* AFHTTPSessionManager.m */; };
		562D40551EFD1DE200BF0E0D /* AFNetworkReachabilityManager.m in Sources */ = {isa = PBXBuildFile; fileRef = 562D404B1EFD1DE200BF0E0D /* AFNetworkReachabilityManager.m */; };
		562D40561EFD1DE200BF0E0D /* AFSecurityPolicy.m in Sources */ = {isa = PBXBuildFile; fileRef = 562D404D1EFD1DE200BF0E0D /* AFSecurityPolicy.m */; };
		562D40571EFD1DE200BF0E0D /* AFURLRequestSerialization.m in Sources */ = {isa = PBXBuildFile; fileRef = 562D404F1EFD1DE200BF0E0D /* AFURLRequestSerialization.m */; };
		562D40581EFD1DE200BF0E0D /* AFURLResponseSerialization.m in Sources */ = {isa = PBXBuildFile; fileRef = 562D40511EFD1DE200BF0E0D /* AFURLResponseSerialization.m */; };
		562D40591EFD1DE200BF0E0D /* AFURLSessionManager.m in Sources */ = {isa = PBXBuildFile; fileRef = 562D40531EFD1DE200BF0E0D /* AFURLSessionManager.m */; };
		562D405D1EFD39F100BF0E0D /* FSPublisherController.m in Sources */ = {isa = PBXBuildFile; fileRef = 562D405C1EFD39F100BF0E0D /* FSPublisherController.m */; };
		562D40611EFE3B5000BF0E0D /* FSEditorLoading.m in Sources */ = {isa = PBXBuildFile; fileRef = 562D40601EFE3B5000BF0E0D /* FSEditorLoading.m */; };
		562D40641EFE402E00BF0E0D /* FSPublishView.m in Sources */ = {isa = PBXBuildFile; fileRef = 562D40631EFE402E00BF0E0D /* FSPublishView.m */; };
		562D40671EFE41CE00BF0E0D /* FSVideoFxController.m in Sources */ = {isa = PBXBuildFile; fileRef = 562D40661EFE41CE00BF0E0D /* FSVideoFxController.m */; };
		562D406B1EFE4B4400BF0E0D /* FSVideoFxView.m in Sources */ = {isa = PBXBuildFile; fileRef = 562D406A1EFE4B4400BF0E0D /* FSVideoFxView.m */; };
		562D40701EFE4D2A00BF0E0D /* C6273A8F-C899-4765-8BFC-E683EE37AA84.videofx in Resources */ = {isa = PBXBuildFile; fileRef = 562D406F1EFE4D2A00BF0E0D /* C6273A8F-C899-4765-8BFC-E683EE37AA84.videofx */; };
		562D40721EFE4FD900BF0E0D /* A8A4344D-45DA-460F-A18F-C0E2355FE864.videofx in Resources */ = {isa = PBXBuildFile; fileRef = 562D40711EFE4FD900BF0E0D /* A8A4344D-45DA-460F-A18F-C0E2355FE864.videofx */; };
		562D40761EFE6A8A00BF0E0D /* FSVideoClipProgress.m in Sources */ = {isa = PBXBuildFile; fileRef = 562D40751EFE6A8A00BF0E0D /* FSVideoClipProgress.m */; };
		563A37901EFFE43800852642 /* FSThumbnailView.m in Sources */ = {isa = PBXBuildFile; fileRef = 563A378F1EFFE43800852642 /* FSThumbnailView.m */; };
		5647BC3C1F0272110072B618 /* FSControlView.m in Sources */ = {isa = PBXBuildFile; fileRef = 5647BC3B1F0272110072B618 /* FSControlView.m */; };
		5647BC3F1F02954B0072B618 /* FSDissolveAnimator.m in Sources */ = {isa = PBXBuildFile; fileRef = 5647BC3E1F02954B0072B618 /* FSDissolveAnimator.m */; };
		5647BC421F0295E00072B618 /* FSSpringAnimator.m in Sources */ = {isa = PBXBuildFile; fileRef = 5647BC411F0295E00072B618 /* FSSpringAnimator.m */; };
		567A3D421EFB66B60026247E /* FSFile.m in Sources */ = {isa = PBXBuildFile; fileRef = 567A3D1A1EFB66B60026247E /* FSFile.m */; };
		567A3D431EFB66B60026247E /* FSFileSlice.m in Sources */ = {isa = PBXBuildFile; fileRef = 567A3D1C1EFB66B60026247E /* FSFileSlice.m */; };
		567A3D441EFB66B60026247E /* FSFileDivider.m in Sources */ = {isa = PBXBuildFile; fileRef = 567A3D1F1EFB66B60026247E /* FSFileDivider.m */; };
		567A3D451EFB66B60026247E /* FSFileSizeDivider.m in Sources */ = {isa = PBXBuildFile; fileRef = 567A3D211EFB66B60026247E /* FSFileSizeDivider.m */; };
		567A3D461EFB66B60026247E /* FSFileDownLoadTool.m in Sources */ = {isa = PBXBuildFile; fileRef = 567A3D251EFB66B60026247E /* FSFileDownLoadTool.m */; };
		567A3D471EFB66B60026247E /* FSFileDownloadCache.m in Sources */ = {isa = PBXBuildFile; fileRef = 567A3D281EFB66B60026247E /* FSFileDownloadCache.m */; };
		567A3D481EFB66B60026247E /* FSFileUploadTool.m in Sources */ = {isa = PBXBuildFile; fileRef = 567A3D2C1EFB66B60026247E /* FSFileUploadTool.m */; };
		567A3D491EFB66B60026247E /* FSDBUploadCache.m in Sources */ = {isa = PBXBuildFile; fileRef = 567A3D2F1EFB66B60026247E /* FSDBUploadCache.m */; };
		567A3D4A1EFB66B60026247E /* FSFileUploadCache.m in Sources */ = {isa = PBXBuildFile; fileRef = 567A3D321EFB66B60026247E /* FSFileUploadCache.m */; };
		567A3D4B1EFB66B60026247E /* FSUploadCache.m in Sources */ = {isa = PBXBuildFile; fileRef = 567A3D341EFB66B60026247E /* FSUploadCache.m */; };
		567A3D4C1EFB66B60026247E /* FSFileUploadChecker.m in Sources */ = {isa = PBXBuildFile; fileRef = 567A3D371EFB66B60026247E /* FSFileUploadChecker.m */; };
		567A3D4D1EFB66B60026247E /* FSFileUploader.m in Sources */ = {isa = PBXBuildFile; fileRef = 567A3D3A1EFB66B60026247E /* FSFileUploader.m */; };
		567A3D4E1EFB66B60026247E /* FSUploader.m in Sources */ = {isa = PBXBuildFile; fileRef = 567A3D3C1EFB66B60026247E /* FSUploader.m */; };
		567A3D4F1EFB66B60026247E /* FSFileUploadDBManager.m in Sources */ = {isa = PBXBuildFile; fileRef = 567A3D3F1EFB66B60026247E /* FSFileUploadDBManager.m */; };
		567A3D501EFB66B60026247E /* FSMD5Utils.m in Sources */ = {isa = PBXBuildFile; fileRef = 567A3D411EFB66B60026247E /* FSMD5Utils.m */; };
		567A3D611EFB6F830026247E /* LICENSE.txt in Resources */ = {isa = PBXBuildFile; fileRef = 567A3D521EFB6F830026247E /* LICENSE.txt */; };
		567A3D621EFB6F830026247E /* README.markdown in Sources */ = {isa = PBXBuildFile; fileRef = 567A3D531EFB6F830026247E /* README.markdown */; };
		567A3D631EFB6F830026247E /* FMDatabase.m in Sources */ = {isa = PBXBuildFile; fileRef = 567A3D571EFB6F830026247E /* FMDatabase.m */; };
		567A3D641EFB6F830026247E /* FMDatabaseAdditions.m in Sources */ = {isa = PBXBuildFile; fileRef = 567A3D591EFB6F830026247E /* FMDatabaseAdditions.m */; };
		567A3D651EFB6F830026247E /* FMDatabasePool.m in Sources */ = {isa = PBXBuildFile; fileRef = 567A3D5B1EFB6F830026247E /* FMDatabasePool.m */; };
		567A3D661EFB6F830026247E /* FMDatabaseQueue.m in Sources */ = {isa = PBXBuildFile; fileRef = 567A3D5D1EFB6F830026247E /* FMDatabaseQueue.m */; };
		567A3D671EFB6F830026247E /* FMResultSet.m in Sources */ = {isa = PBXBuildFile; fileRef = 567A3D601EFB6F830026247E /* FMResultSet.m */; };
		567A3D811EFB6F8E0026247E /* LICENSE in Resources */ = {isa = PBXBuildFile; fileRef = 567A3D691EFB6F8E0026247E /* LICENSE */; };
		567A3D821EFB6F8E0026247E /* MJExtensionConst.m in Sources */ = {isa = PBXBuildFile; fileRef = 567A3D6D1EFB6F8E0026247E /* MJExtensionConst.m */; };
		567A3D831EFB6F8E0026247E /* MJFoundation.m in Sources */ = {isa = PBXBuildFile; fileRef = 567A3D6F1EFB6F8E0026247E /* MJFoundation.m */; };
		567A3D841EFB6F8E0026247E /* MJProperty.m in Sources */ = {isa = PBXBuildFile; fileRef = 567A3D711EFB6F8E0026247E /* MJProperty.m */; };
		567A3D851EFB6F8E0026247E /* MJPropertyKey.m in Sources */ = {isa = PBXBuildFile; fileRef = 567A3D731EFB6F8E0026247E /* MJPropertyKey.m */; };
		567A3D861EFB6F8E0026247E /* MJPropertyType.m in Sources */ = {isa = PBXBuildFile; fileRef = 567A3D751EFB6F8E0026247E /* MJPropertyType.m */; };
		567A3D871EFB6F8E0026247E /* NSObject+MJClass.m in Sources */ = {isa = PBXBuildFile; fileRef = 567A3D771EFB6F8E0026247E /* NSObject+MJClass.m */; };
		567A3D881EFB6F8E0026247E /* NSObject+MJCoding.m in Sources */ = {isa = PBXBuildFile; fileRef = 567A3D791EFB6F8E0026247E /* NSObject+MJCoding.m */; };
		567A3D891EFB6F8E0026247E /* NSObject+MJKeyValue.m in Sources */ = {isa = PBXBuildFile; fileRef = 567A3D7B1EFB6F8E0026247E /* NSObject+MJKeyValue.m */; };
		567A3D8A1EFB6F8E0026247E /* NSObject+MJProperty.m in Sources */ = {isa = PBXBuildFile; fileRef = 567A3D7D1EFB6F8E0026247E /* NSObject+MJProperty.m */; };
		567A3D8B1EFB6F8E0026247E /* NSString+MJExtension.m in Sources */ = {isa = PBXBuildFile; fileRef = 567A3D7F1EFB6F8E0026247E /* NSString+MJExtension.m */; };
		567A3D8C1EFB6F8E0026247E /* README.md in Sources */ = {isa = PBXBuildFile; fileRef = 567A3D801EFB6F8E0026247E /* README.md */; };
		567A3D8E1EFB6FC90026247E /* libsqlite3.tbd in Frameworks */ = {isa = PBXBuildFile; fileRef = 567A3D8D1EFB6FC90026247E /* libsqlite3.tbd */; };
		567A3D911EFB7EC80026247E /* FSFileSliceDivider.m in Sources */ = {isa = PBXBuildFile; fileRef = 567A3D901EFB7EC80026247E /* FSFileSliceDivider.m */; };
		567E0B531EF930D100C4C527 /* main.m in Sources */ = {isa = PBXBuildFile; fileRef = 567E0B521EF930D100C4C527 /* main.m */; };
		567E0B561EF930D100C4C527 /* AppDelegate.m in Sources */ = {isa = PBXBuildFile; fileRef = 567E0B551EF930D100C4C527 /* AppDelegate.m */; };
		567E0B591EF930D100C4C527 /* ViewController.m in Sources */ = {isa = PBXBuildFile; fileRef = 567E0B581EF930D100C4C527 /* ViewController.m */; };
		567E0B5C1EF930D100C4C527 /* Main.storyboard in Resources */ = {isa = PBXBuildFile; fileRef = 567E0B5A1EF930D100C4C527 /* Main.storyboard */; };
		567E0B5E1EF930D100C4C527 /* Assets.xcassets in Resources */ = {isa = PBXBuildFile; fileRef = 567E0B5D1EF930D100C4C527 /* Assets.xcassets */; };
		567E0B611EF930D100C4C527 /* LaunchScreen.storyboard in Resources */ = {isa = PBXBuildFile; fileRef = 567E0B5F1EF930D100C4C527 /* LaunchScreen.storyboard */; };
		567E0B831EF939CC00C4C527 /* FSVideoEditorKit.h in Headers */ = {isa = PBXBuildFile; fileRef = 567E0B811EF939CC00C4C527 /* FSVideoEditorKit.h */; settings = {ATTRIBUTES = (Public, ); }; };
		567E0B871EF939CC00C4C527 /* FSVideoEditorKit.framework in Embed Frameworks */ = {isa = PBXBuildFile; fileRef = 567E0B7F1EF939CC00C4C527 /* FSVideoEditorKit.framework */; settings = {ATTRIBUTES = (CodeSignOnCopy, RemoveHeadersOnCopy, ); }; };
		567E0B8E1EF93A1C00C4C527 /* FSLocalVideoController.h in Headers */ = {isa = PBXBuildFile; fileRef = 567E0B8C1EF93A1C00C4C527 /* FSLocalVideoController.h */; };
		567E0B8F1EF93A1C00C4C527 /* FSLocalVideoController.m in Sources */ = {isa = PBXBuildFile; fileRef = 567E0B8D1EF93A1C00C4C527 /* FSLocalVideoController.m */; };
		567E0B9C1EFA20BC00C4C527 /* FSLocalPhotoManager.h in Headers */ = {isa = PBXBuildFile; fileRef = 567E0B9A1EFA20BC00C4C527 /* FSLocalPhotoManager.h */; };
		567E0B9D1EFA20BC00C4C527 /* FSLocalPhotoManager.m in Sources */ = {isa = PBXBuildFile; fileRef = 567E0B9B1EFA20BC00C4C527 /* FSLocalPhotoManager.m */; };
		567E0BA21EFA49F500C4C527 /* FSVideoListView.m in Sources */ = {isa = PBXBuildFile; fileRef = 567E0BA11EFA49F500C4C527 /* FSVideoListView.m */; };
		567E0BA51EFA4DB400C4C527 /* FSAlbumVideoCell.m in Sources */ = {isa = PBXBuildFile; fileRef = 567E0BA41EFA4DB400C4C527 /* FSAlbumVideoCell.m */; };
		9840603C1EF93F130049B58E /* FSShortVideoRecorderController.m in Sources */ = {isa = PBXBuildFile; fileRef = 984060371EF93F130049B58E /* FSShortVideoRecorderController.m */; };
		9840603D1EF93F130049B58E /* FSShortVideoRecorderManager.m in Sources */ = {isa = PBXBuildFile; fileRef = 984060391EF93F130049B58E /* FSShortVideoRecorderManager.m */; };
		9840603E1EF93F130049B58E /* FSShortVideoRecorderView.m in Sources */ = {isa = PBXBuildFile; fileRef = 9840603B1EF93F130049B58E /* FSShortVideoRecorderView.m */; };
		984060421EF9401F0049B58E /* libNvStreamingSdkCore.a in Frameworks */ = {isa = PBXBuildFile; fileRef = 984060401EF9401F0049B58E /* libNvStreamingSdkCore.a */; };
		984060431EF9401F0049B58E /* libNvStreamingSdkDeps.a in Frameworks */ = {isa = PBXBuildFile; fileRef = 984060411EF9401F0049B58E /* libNvStreamingSdkDeps.a */; };
		984060451EF940350049B58E /* AVFoundation.framework in Frameworks */ = {isa = PBXBuildFile; fileRef = 984060441EF940350049B58E /* AVFoundation.framework */; };
		984060471EF9403F0049B58E /* CoreMedia.framework in Frameworks */ = {isa = PBXBuildFile; fileRef = 984060461EF9403F0049B58E /* CoreMedia.framework */; };
		984060491EF940490049B58E /* Photos.framework in Frameworks */ = {isa = PBXBuildFile; fileRef = 984060481EF940490049B58E /* Photos.framework */; };
		9840604B1EF940500049B58E /* VideoToolbox.framework in Frameworks */ = {isa = PBXBuildFile; fileRef = 9840604A1EF940500049B58E /* VideoToolbox.framework */; };
		9840604D1EF940580049B58E /* AudioToolbox.framework in Frameworks */ = {isa = PBXBuildFile; fileRef = 9840604C1EF940580049B58E /* AudioToolbox.framework */; };
		9840604F1EF940620049B58E /* MobileCoreServices.framework in Frameworks */ = {isa = PBXBuildFile; fileRef = 9840604E1EF940620049B58E /* MobileCoreServices.framework */; };
		984060511EF9406A0049B58E /* AssetsLibrary.framework in Frameworks */ = {isa = PBXBuildFile; fileRef = 984060501EF9406A0049B58E /* AssetsLibrary.framework */; };
		984060531EF940730049B58E /* libiconv.tbd in Frameworks */ = {isa = PBXBuildFile; fileRef = 984060521EF940730049B58E /* libiconv.tbd */; };
		984060551EF9407B0049B58E /* libz.tbd in Frameworks */ = {isa = PBXBuildFile; fileRef = 984060541EF9407B0049B58E /* libz.tbd */; };
		984060571EF940810049B58E /* libc++.tbd in Frameworks */ = {isa = PBXBuildFile; fileRef = 984060561EF940810049B58E /* libc++.tbd */; };
		988AC6C61EFD1D3D007FBCEF /* FSProgressView.h in Headers */ = {isa = PBXBuildFile; fileRef = 988AC6C41EFD1D3D007FBCEF /* FSProgressView.h */; };
		988AC6C71EFD1D3D007FBCEF /* FSProgressView.m in Sources */ = {isa = PBXBuildFile; fileRef = 988AC6C51EFD1D3D007FBCEF /* FSProgressView.m */; };
		988AC6CB1EFD3BB7007FBCEF /* FSEditVideoTool.h in Headers */ = {isa = PBXBuildFile; fileRef = 988AC6C91EFD3BB7007FBCEF /* FSEditVideoTool.h */; };
		988AC6CC1EFD3BB7007FBCEF /* FSEditVideoTool.m in Sources */ = {isa = PBXBuildFile; fileRef = 988AC6CA1EFD3BB7007FBCEF /* FSEditVideoTool.m */; };
		988AC6D41EFE4B99007FBCEF /* FSPublisherToolView.h in Headers */ = {isa = PBXBuildFile; fileRef = 988AC6D21EFE4B99007FBCEF /* FSPublisherToolView.h */; };
		988AC6D51EFE4B99007FBCEF /* FSPublisherToolView.m in Sources */ = {isa = PBXBuildFile; fileRef = 988AC6D31EFE4B99007FBCEF /* FSPublisherToolView.m */; };
		988AC6D91EFE560B007FBCEF /* FSEditVideoNameView.h in Headers */ = {isa = PBXBuildFile; fileRef = 988AC6D71EFE560B007FBCEF /* FSEditVideoNameView.h */; };
		988AC6DA1EFE560B007FBCEF /* FSEditVideoNameView.m in Sources */ = {isa = PBXBuildFile; fileRef = 988AC6D81EFE560B007FBCEF /* FSEditVideoNameView.m */; };
		988AC6DE1EFE65C2007FBCEF /* FSFilterView.h in Headers */ = {isa = PBXBuildFile; fileRef = 988AC6DC1EFE65C2007FBCEF /* FSFilterView.h */; };
		988AC6DF1EFE65C2007FBCEF /* FSFilterView.m in Sources */ = {isa = PBXBuildFile; fileRef = 988AC6DD1EFE65C2007FBCEF /* FSFilterView.m */; };
		988AC6E31EFE6926007FBCEF /* FSFilterButton.h in Headers */ = {isa = PBXBuildFile; fileRef = 988AC6E11EFE6926007FBCEF /* FSFilterButton.h */; };
		988AC6E41EFE6926007FBCEF /* FSFilterButton.m in Sources */ = {isa = PBXBuildFile; fileRef = 988AC6E21EFE6926007FBCEF /* FSFilterButton.m */; };
		988AC6E81F010B0D007FBCEF /* FSControlVolumeView.h in Headers */ = {isa = PBXBuildFile; fileRef = 988AC6E61F010B0D007FBCEF /* FSControlVolumeView.h */; };
		988AC6E91F010B0D007FBCEF /* FSControlVolumeView.m in Sources */ = {isa = PBXBuildFile; fileRef = 988AC6E71F010B0D007FBCEF /* FSControlVolumeView.m */; };
		988AC6EA1F010B0D007FBCEF /* FSControlVolumeView.m in Sources */ = {isa = PBXBuildFile; fileRef = 988AC6E71F010B0D007FBCEF /* FSControlVolumeView.m */; };
/* End PBXBuildFile section */

/* Begin PBXCopyFilesBuildPhase section */
		567E0B791EF939A700C4C527 /* Embed Frameworks */ = {
			isa = PBXCopyFilesBuildPhase;
			buildActionMask = 2147483647;
			dstPath = "";
			dstSubfolderSpec = 10;
			files = (
				567E0B871EF939CC00C4C527 /* FSVideoEditorKit.framework in Embed Frameworks */,
			);
			name = "Embed Frameworks";
			runOnlyForDeploymentPostprocessing = 0;
		};
/* End PBXCopyFilesBuildPhase section */

/* Begin PBXFileReference section */
		562D403D1EFBE8A100BF0E0D /* FSLocalEditorController.h */ = {isa = PBXFileReference; fileEncoding = 4; lastKnownFileType = sourcecode.c.h; path = FSLocalEditorController.h; sourceTree = "<group>"; };
		562D403E1EFBE8A100BF0E0D /* FSLocalEditorController.m */ = {isa = PBXFileReference; fileEncoding = 4; lastKnownFileType = sourcecode.c.objc; path = FSLocalEditorController.m; sourceTree = "<group>"; };
		562D40471EFD1DE200BF0E0D /* AFHTTPSessionManager.h */ = {isa = PBXFileReference; fileEncoding = 4; lastKnownFileType = sourcecode.c.h; path = AFHTTPSessionManager.h; sourceTree = "<group>"; };
		562D40481EFD1DE200BF0E0D /* AFHTTPSessionManager.m */ = {isa = PBXFileReference; fileEncoding = 4; lastKnownFileType = sourcecode.c.objc; path = AFHTTPSessionManager.m; sourceTree = "<group>"; };
		562D40491EFD1DE200BF0E0D /* AFNetworking.h */ = {isa = PBXFileReference; fileEncoding = 4; lastKnownFileType = sourcecode.c.h; path = AFNetworking.h; sourceTree = "<group>"; };
		562D404A1EFD1DE200BF0E0D /* AFNetworkReachabilityManager.h */ = {isa = PBXFileReference; fileEncoding = 4; lastKnownFileType = sourcecode.c.h; path = AFNetworkReachabilityManager.h; sourceTree = "<group>"; };
		562D404B1EFD1DE200BF0E0D /* AFNetworkReachabilityManager.m */ = {isa = PBXFileReference; fileEncoding = 4; lastKnownFileType = sourcecode.c.objc; path = AFNetworkReachabilityManager.m; sourceTree = "<group>"; };
		562D404C1EFD1DE200BF0E0D /* AFSecurityPolicy.h */ = {isa = PBXFileReference; fileEncoding = 4; lastKnownFileType = sourcecode.c.h; path = AFSecurityPolicy.h; sourceTree = "<group>"; };
		562D404D1EFD1DE200BF0E0D /* AFSecurityPolicy.m */ = {isa = PBXFileReference; fileEncoding = 4; lastKnownFileType = sourcecode.c.objc; path = AFSecurityPolicy.m; sourceTree = "<group>"; };
		562D404E1EFD1DE200BF0E0D /* AFURLRequestSerialization.h */ = {isa = PBXFileReference; fileEncoding = 4; lastKnownFileType = sourcecode.c.h; path = AFURLRequestSerialization.h; sourceTree = "<group>"; };
		562D404F1EFD1DE200BF0E0D /* AFURLRequestSerialization.m */ = {isa = PBXFileReference; fileEncoding = 4; lastKnownFileType = sourcecode.c.objc; path = AFURLRequestSerialization.m; sourceTree = "<group>"; };
		562D40501EFD1DE200BF0E0D /* AFURLResponseSerialization.h */ = {isa = PBXFileReference; fileEncoding = 4; lastKnownFileType = sourcecode.c.h; path = AFURLResponseSerialization.h; sourceTree = "<group>"; };
		562D40511EFD1DE200BF0E0D /* AFURLResponseSerialization.m */ = {isa = PBXFileReference; fileEncoding = 4; lastKnownFileType = sourcecode.c.objc; path = AFURLResponseSerialization.m; sourceTree = "<group>"; };
		562D40521EFD1DE200BF0E0D /* AFURLSessionManager.h */ = {isa = PBXFileReference; fileEncoding = 4; lastKnownFileType = sourcecode.c.h; path = AFURLSessionManager.h; sourceTree = "<group>"; };
		562D40531EFD1DE200BF0E0D /* AFURLSessionManager.m */ = {isa = PBXFileReference; fileEncoding = 4; lastKnownFileType = sourcecode.c.objc; path = AFURLSessionManager.m; sourceTree = "<group>"; };
		562D405B1EFD39F100BF0E0D /* FSPublisherController.h */ = {isa = PBXFileReference; fileEncoding = 4; lastKnownFileType = sourcecode.c.h; path = FSPublisherController.h; sourceTree = "<group>"; };
		562D405C1EFD39F100BF0E0D /* FSPublisherController.m */ = {isa = PBXFileReference; fileEncoding = 4; lastKnownFileType = sourcecode.c.objc; path = FSPublisherController.m; sourceTree = "<group>"; };
		562D405F1EFE3B5000BF0E0D /* FSEditorLoading.h */ = {isa = PBXFileReference; fileEncoding = 4; lastKnownFileType = sourcecode.c.h; path = FSEditorLoading.h; sourceTree = "<group>"; };
		562D40601EFE3B5000BF0E0D /* FSEditorLoading.m */ = {isa = PBXFileReference; fileEncoding = 4; lastKnownFileType = sourcecode.c.objc; path = FSEditorLoading.m; sourceTree = "<group>"; };
		562D40621EFE402E00BF0E0D /* FSPublishView.h */ = {isa = PBXFileReference; fileEncoding = 4; lastKnownFileType = sourcecode.c.h; path = FSPublishView.h; sourceTree = "<group>"; };
		562D40631EFE402E00BF0E0D /* FSPublishView.m */ = {isa = PBXFileReference; fileEncoding = 4; lastKnownFileType = sourcecode.c.objc; path = FSPublishView.m; sourceTree = "<group>"; };
		562D40651EFE41CE00BF0E0D /* FSVideoFxController.h */ = {isa = PBXFileReference; fileEncoding = 4; lastKnownFileType = sourcecode.c.h; path = FSVideoFxController.h; sourceTree = "<group>"; };
		562D40661EFE41CE00BF0E0D /* FSVideoFxController.m */ = {isa = PBXFileReference; fileEncoding = 4; lastKnownFileType = sourcecode.c.objc; path = FSVideoFxController.m; sourceTree = "<group>"; };
		562D40691EFE4B4400BF0E0D /* FSVideoFxView.h */ = {isa = PBXFileReference; fileEncoding = 4; lastKnownFileType = sourcecode.c.h; path = FSVideoFxView.h; sourceTree = "<group>"; };
		562D406A1EFE4B4400BF0E0D /* FSVideoFxView.m */ = {isa = PBXFileReference; fileEncoding = 4; lastKnownFileType = sourcecode.c.objc; path = FSVideoFxView.m; sourceTree = "<group>"; };
		562D406F1EFE4D2A00BF0E0D /* C6273A8F-C899-4765-8BFC-E683EE37AA84.videofx */ = {isa = PBXFileReference; lastKnownFileType = file; path = "C6273A8F-C899-4765-8BFC-E683EE37AA84.videofx"; sourceTree = "<group>"; };
		562D40711EFE4FD900BF0E0D /* A8A4344D-45DA-460F-A18F-C0E2355FE864.videofx */ = {isa = PBXFileReference; lastKnownFileType = file; path = "A8A4344D-45DA-460F-A18F-C0E2355FE864.videofx"; sourceTree = "<group>"; };
		562D40731EFE61F700BF0E0D /* FSEditorPch.pch */ = {isa = PBXFileReference; fileEncoding = 4; lastKnownFileType = sourcecode.c.h; path = FSEditorPch.pch; sourceTree = "<group>"; };
		562D40741EFE6A8A00BF0E0D /* FSVideoClipProgress.h */ = {isa = PBXFileReference; fileEncoding = 4; lastKnownFileType = sourcecode.c.h; path = FSVideoClipProgress.h; sourceTree = "<group>"; };
		562D40751EFE6A8A00BF0E0D /* FSVideoClipProgress.m */ = {isa = PBXFileReference; fileEncoding = 4; lastKnownFileType = sourcecode.c.objc; path = FSVideoClipProgress.m; sourceTree = "<group>"; };
		563A378E1EFFE43800852642 /* FSThumbnailView.h */ = {isa = PBXFileReference; fileEncoding = 4; lastKnownFileType = sourcecode.c.h; path = FSThumbnailView.h; sourceTree = "<group>"; };
		563A378F1EFFE43800852642 /* FSThumbnailView.m */ = {isa = PBXFileReference; fileEncoding = 4; lastKnownFileType = sourcecode.c.objc; path = FSThumbnailView.m; sourceTree = "<group>"; };
		5647BC3A1F0272110072B618 /* FSControlView.h */ = {isa = PBXFileReference; fileEncoding = 4; lastKnownFileType = sourcecode.c.h; path = FSControlView.h; sourceTree = "<group>"; };
		5647BC3B1F0272110072B618 /* FSControlView.m */ = {isa = PBXFileReference; fileEncoding = 4; lastKnownFileType = sourcecode.c.objc; path = FSControlView.m; sourceTree = "<group>"; };
		5647BC3D1F02954B0072B618 /* FSDissolveAnimator.h */ = {isa = PBXFileReference; fileEncoding = 4; lastKnownFileType = sourcecode.c.h; path = FSDissolveAnimator.h; sourceTree = "<group>"; };
		5647BC3E1F02954B0072B618 /* FSDissolveAnimator.m */ = {isa = PBXFileReference; fileEncoding = 4; lastKnownFileType = sourcecode.c.objc; path = FSDissolveAnimator.m; sourceTree = "<group>"; };
		5647BC401F0295E00072B618 /* FSSpringAnimator.h */ = {isa = PBXFileReference; fileEncoding = 4; lastKnownFileType = sourcecode.c.h; path = FSSpringAnimator.h; sourceTree = "<group>"; };
		5647BC411F0295E00072B618 /* FSSpringAnimator.m */ = {isa = PBXFileReference; fileEncoding = 4; lastKnownFileType = sourcecode.c.objc; path = FSSpringAnimator.m; sourceTree = "<group>"; };
		567A3D191EFB66B60026247E /* FSFile.h */ = {isa = PBXFileReference; fileEncoding = 4; lastKnownFileType = sourcecode.c.h; path = FSFile.h; sourceTree = "<group>"; };
		567A3D1A1EFB66B60026247E /* FSFile.m */ = {isa = PBXFileReference; fileEncoding = 4; lastKnownFileType = sourcecode.c.objc; path = FSFile.m; sourceTree = "<group>"; };
		567A3D1B1EFB66B60026247E /* FSFileSlice.h */ = {isa = PBXFileReference; fileEncoding = 4; lastKnownFileType = sourcecode.c.h; path = FSFileSlice.h; sourceTree = "<group>"; };
		567A3D1C1EFB66B60026247E /* FSFileSlice.m */ = {isa = PBXFileReference; fileEncoding = 4; lastKnownFileType = sourcecode.c.objc; path = FSFileSlice.m; sourceTree = "<group>"; };
		567A3D1E1EFB66B60026247E /* FSFileDivider.h */ = {isa = PBXFileReference; fileEncoding = 4; lastKnownFileType = sourcecode.c.h; path = FSFileDivider.h; sourceTree = "<group>"; };
		567A3D1F1EFB66B60026247E /* FSFileDivider.m */ = {isa = PBXFileReference; fileEncoding = 4; lastKnownFileType = sourcecode.c.objc; path = FSFileDivider.m; sourceTree = "<group>"; };
		567A3D201EFB66B60026247E /* FSFileSizeDivider.h */ = {isa = PBXFileReference; fileEncoding = 4; lastKnownFileType = sourcecode.c.h; path = FSFileSizeDivider.h; sourceTree = "<group>"; };
		567A3D211EFB66B60026247E /* FSFileSizeDivider.m */ = {isa = PBXFileReference; fileEncoding = 4; lastKnownFileType = sourcecode.c.objc; path = FSFileSizeDivider.m; sourceTree = "<group>"; };
		567A3D241EFB66B60026247E /* FSFileDownLoadTool.h */ = {isa = PBXFileReference; fileEncoding = 4; lastKnownFileType = sourcecode.c.h; path = FSFileDownLoadTool.h; sourceTree = "<group>"; };
		567A3D251EFB66B60026247E /* FSFileDownLoadTool.m */ = {isa = PBXFileReference; fileEncoding = 4; lastKnownFileType = sourcecode.c.objc; path = FSFileDownLoadTool.m; sourceTree = "<group>"; };
		567A3D271EFB66B60026247E /* FSFileDownloadCache.h */ = {isa = PBXFileReference; fileEncoding = 4; lastKnownFileType = sourcecode.c.h; path = FSFileDownloadCache.h; sourceTree = "<group>"; };
		567A3D281EFB66B60026247E /* FSFileDownloadCache.m */ = {isa = PBXFileReference; fileEncoding = 4; lastKnownFileType = sourcecode.c.objc; path = FSFileDownloadCache.m; sourceTree = "<group>"; };
		567A3D2B1EFB66B60026247E /* FSFileUploadTool.h */ = {isa = PBXFileReference; fileEncoding = 4; lastKnownFileType = sourcecode.c.h; path = FSFileUploadTool.h; sourceTree = "<group>"; };
		567A3D2C1EFB66B60026247E /* FSFileUploadTool.m */ = {isa = PBXFileReference; fileEncoding = 4; lastKnownFileType = sourcecode.c.objc; path = FSFileUploadTool.m; sourceTree = "<group>"; };
		567A3D2E1EFB66B60026247E /* FSDBUploadCache.h */ = {isa = PBXFileReference; fileEncoding = 4; lastKnownFileType = sourcecode.c.h; path = FSDBUploadCache.h; sourceTree = "<group>"; };
		567A3D2F1EFB66B60026247E /* FSDBUploadCache.m */ = {isa = PBXFileReference; fileEncoding = 4; lastKnownFileType = sourcecode.c.objc; path = FSDBUploadCache.m; sourceTree = "<group>"; };
		567A3D301EFB66B60026247E /* FSFileCacheProtocol.h */ = {isa = PBXFileReference; fileEncoding = 4; lastKnownFileType = sourcecode.c.h; path = FSFileCacheProtocol.h; sourceTree = "<group>"; };
		567A3D311EFB66B60026247E /* FSFileUploadCache.h */ = {isa = PBXFileReference; fileEncoding = 4; lastKnownFileType = sourcecode.c.h; path = FSFileUploadCache.h; sourceTree = "<group>"; };
		567A3D321EFB66B60026247E /* FSFileUploadCache.m */ = {isa = PBXFileReference; fileEncoding = 4; lastKnownFileType = sourcecode.c.objc; path = FSFileUploadCache.m; sourceTree = "<group>"; };
		567A3D331EFB66B60026247E /* FSUploadCache.h */ = {isa = PBXFileReference; fileEncoding = 4; lastKnownFileType = sourcecode.c.h; path = FSUploadCache.h; sourceTree = "<group>"; };
		567A3D341EFB66B60026247E /* FSUploadCache.m */ = {isa = PBXFileReference; fileEncoding = 4; lastKnownFileType = sourcecode.c.objc; path = FSUploadCache.m; sourceTree = "<group>"; };
		567A3D361EFB66B60026247E /* FSFileUploadChecker.h */ = {isa = PBXFileReference; fileEncoding = 4; lastKnownFileType = sourcecode.c.h; path = FSFileUploadChecker.h; sourceTree = "<group>"; };
		567A3D371EFB66B60026247E /* FSFileUploadChecker.m */ = {isa = PBXFileReference; fileEncoding = 4; lastKnownFileType = sourcecode.c.objc; path = FSFileUploadChecker.m; sourceTree = "<group>"; };
		567A3D391EFB66B60026247E /* FSFileUploader.h */ = {isa = PBXFileReference; fileEncoding = 4; lastKnownFileType = sourcecode.c.h; path = FSFileUploader.h; sourceTree = "<group>"; };
		567A3D3A1EFB66B60026247E /* FSFileUploader.m */ = {isa = PBXFileReference; fileEncoding = 4; lastKnownFileType = sourcecode.c.objc; path = FSFileUploader.m; sourceTree = "<group>"; };
		567A3D3B1EFB66B60026247E /* FSUploader.h */ = {isa = PBXFileReference; fileEncoding = 4; lastKnownFileType = sourcecode.c.h; path = FSUploader.h; sourceTree = "<group>"; };
		567A3D3C1EFB66B60026247E /* FSUploader.m */ = {isa = PBXFileReference; fileEncoding = 4; lastKnownFileType = sourcecode.c.objc; path = FSUploader.m; sourceTree = "<group>"; };
		567A3D3E1EFB66B60026247E /* FSFileUploadDBManager.h */ = {isa = PBXFileReference; fileEncoding = 4; lastKnownFileType = sourcecode.c.h; path = FSFileUploadDBManager.h; sourceTree = "<group>"; };
		567A3D3F1EFB66B60026247E /* FSFileUploadDBManager.m */ = {isa = PBXFileReference; fileEncoding = 4; lastKnownFileType = sourcecode.c.objc; path = FSFileUploadDBManager.m; sourceTree = "<group>"; };
		567A3D401EFB66B60026247E /* FSMD5Utils.h */ = {isa = PBXFileReference; fileEncoding = 4; lastKnownFileType = sourcecode.c.h; path = FSMD5Utils.h; sourceTree = "<group>"; };
		567A3D411EFB66B60026247E /* FSMD5Utils.m */ = {isa = PBXFileReference; fileEncoding = 4; lastKnownFileType = sourcecode.c.objc; path = FSMD5Utils.m; sourceTree = "<group>"; };
		567A3D521EFB6F830026247E /* LICENSE.txt */ = {isa = PBXFileReference; fileEncoding = 4; lastKnownFileType = text; path = LICENSE.txt; sourceTree = "<group>"; };
		567A3D531EFB6F830026247E /* README.markdown */ = {isa = PBXFileReference; fileEncoding = 4; lastKnownFileType = net.daringfireball.markdown; path = README.markdown; sourceTree = "<group>"; };
		567A3D561EFB6F830026247E /* FMDatabase.h */ = {isa = PBXFileReference; fileEncoding = 4; lastKnownFileType = sourcecode.c.h; path = FMDatabase.h; sourceTree = "<group>"; };
		567A3D571EFB6F830026247E /* FMDatabase.m */ = {isa = PBXFileReference; fileEncoding = 4; lastKnownFileType = sourcecode.c.objc; path = FMDatabase.m; sourceTree = "<group>"; };
		567A3D581EFB6F830026247E /* FMDatabaseAdditions.h */ = {isa = PBXFileReference; fileEncoding = 4; lastKnownFileType = sourcecode.c.h; path = FMDatabaseAdditions.h; sourceTree = "<group>"; };
		567A3D591EFB6F830026247E /* FMDatabaseAdditions.m */ = {isa = PBXFileReference; fileEncoding = 4; lastKnownFileType = sourcecode.c.objc; path = FMDatabaseAdditions.m; sourceTree = "<group>"; };
		567A3D5A1EFB6F830026247E /* FMDatabasePool.h */ = {isa = PBXFileReference; fileEncoding = 4; lastKnownFileType = sourcecode.c.h; path = FMDatabasePool.h; sourceTree = "<group>"; };
		567A3D5B1EFB6F830026247E /* FMDatabasePool.m */ = {isa = PBXFileReference; fileEncoding = 4; lastKnownFileType = sourcecode.c.objc; path = FMDatabasePool.m; sourceTree = "<group>"; };
		567A3D5C1EFB6F830026247E /* FMDatabaseQueue.h */ = {isa = PBXFileReference; fileEncoding = 4; lastKnownFileType = sourcecode.c.h; path = FMDatabaseQueue.h; sourceTree = "<group>"; };
		567A3D5D1EFB6F830026247E /* FMDatabaseQueue.m */ = {isa = PBXFileReference; fileEncoding = 4; lastKnownFileType = sourcecode.c.objc; path = FMDatabaseQueue.m; sourceTree = "<group>"; };
		567A3D5E1EFB6F830026247E /* FMDB.h */ = {isa = PBXFileReference; fileEncoding = 4; lastKnownFileType = sourcecode.c.h; path = FMDB.h; sourceTree = "<group>"; };
		567A3D5F1EFB6F830026247E /* FMResultSet.h */ = {isa = PBXFileReference; fileEncoding = 4; lastKnownFileType = sourcecode.c.h; path = FMResultSet.h; sourceTree = "<group>"; };
		567A3D601EFB6F830026247E /* FMResultSet.m */ = {isa = PBXFileReference; fileEncoding = 4; lastKnownFileType = sourcecode.c.objc; path = FMResultSet.m; sourceTree = "<group>"; };
		567A3D691EFB6F8E0026247E /* LICENSE */ = {isa = PBXFileReference; fileEncoding = 4; lastKnownFileType = text; path = LICENSE; sourceTree = "<group>"; };
		567A3D6B1EFB6F8E0026247E /* MJExtension.h */ = {isa = PBXFileReference; fileEncoding = 4; lastKnownFileType = sourcecode.c.h; path = MJExtension.h; sourceTree = "<group>"; };
		567A3D6C1EFB6F8E0026247E /* MJExtensionConst.h */ = {isa = PBXFileReference; fileEncoding = 4; lastKnownFileType = sourcecode.c.h; path = MJExtensionConst.h; sourceTree = "<group>"; };
		567A3D6D1EFB6F8E0026247E /* MJExtensionConst.m */ = {isa = PBXFileReference; fileEncoding = 4; lastKnownFileType = sourcecode.c.objc; path = MJExtensionConst.m; sourceTree = "<group>"; };
		567A3D6E1EFB6F8E0026247E /* MJFoundation.h */ = {isa = PBXFileReference; fileEncoding = 4; lastKnownFileType = sourcecode.c.h; path = MJFoundation.h; sourceTree = "<group>"; };
		567A3D6F1EFB6F8E0026247E /* MJFoundation.m */ = {isa = PBXFileReference; fileEncoding = 4; lastKnownFileType = sourcecode.c.objc; path = MJFoundation.m; sourceTree = "<group>"; };
		567A3D701EFB6F8E0026247E /* MJProperty.h */ = {isa = PBXFileReference; fileEncoding = 4; lastKnownFileType = sourcecode.c.h; path = MJProperty.h; sourceTree = "<group>"; };
		567A3D711EFB6F8E0026247E /* MJProperty.m */ = {isa = PBXFileReference; fileEncoding = 4; lastKnownFileType = sourcecode.c.objc; path = MJProperty.m; sourceTree = "<group>"; };
		567A3D721EFB6F8E0026247E /* MJPropertyKey.h */ = {isa = PBXFileReference; fileEncoding = 4; lastKnownFileType = sourcecode.c.h; path = MJPropertyKey.h; sourceTree = "<group>"; };
		567A3D731EFB6F8E0026247E /* MJPropertyKey.m */ = {isa = PBXFileReference; fileEncoding = 4; lastKnownFileType = sourcecode.c.objc; path = MJPropertyKey.m; sourceTree = "<group>"; };
		567A3D741EFB6F8E0026247E /* MJPropertyType.h */ = {isa = PBXFileReference; fileEncoding = 4; lastKnownFileType = sourcecode.c.h; path = MJPropertyType.h; sourceTree = "<group>"; };
		567A3D751EFB6F8E0026247E /* MJPropertyType.m */ = {isa = PBXFileReference; fileEncoding = 4; lastKnownFileType = sourcecode.c.objc; path = MJPropertyType.m; sourceTree = "<group>"; };
		567A3D761EFB6F8E0026247E /* NSObject+MJClass.h */ = {isa = PBXFileReference; fileEncoding = 4; lastKnownFileType = sourcecode.c.h; path = "NSObject+MJClass.h"; sourceTree = "<group>"; };
		567A3D771EFB6F8E0026247E /* NSObject+MJClass.m */ = {isa = PBXFileReference; fileEncoding = 4; lastKnownFileType = sourcecode.c.objc; path = "NSObject+MJClass.m"; sourceTree = "<group>"; };
		567A3D781EFB6F8E0026247E /* NSObject+MJCoding.h */ = {isa = PBXFileReference; fileEncoding = 4; lastKnownFileType = sourcecode.c.h; path = "NSObject+MJCoding.h"; sourceTree = "<group>"; };
		567A3D791EFB6F8E0026247E /* NSObject+MJCoding.m */ = {isa = PBXFileReference; fileEncoding = 4; lastKnownFileType = sourcecode.c.objc; path = "NSObject+MJCoding.m"; sourceTree = "<group>"; };
		567A3D7A1EFB6F8E0026247E /* NSObject+MJKeyValue.h */ = {isa = PBXFileReference; fileEncoding = 4; lastKnownFileType = sourcecode.c.h; path = "NSObject+MJKeyValue.h"; sourceTree = "<group>"; };
		567A3D7B1EFB6F8E0026247E /* NSObject+MJKeyValue.m */ = {isa = PBXFileReference; fileEncoding = 4; lastKnownFileType = sourcecode.c.objc; path = "NSObject+MJKeyValue.m"; sourceTree = "<group>"; };
		567A3D7C1EFB6F8E0026247E /* NSObject+MJProperty.h */ = {isa = PBXFileReference; fileEncoding = 4; lastKnownFileType = sourcecode.c.h; path = "NSObject+MJProperty.h"; sourceTree = "<group>"; };
		567A3D7D1EFB6F8E0026247E /* NSObject+MJProperty.m */ = {isa = PBXFileReference; fileEncoding = 4; lastKnownFileType = sourcecode.c.objc; path = "NSObject+MJProperty.m"; sourceTree = "<group>"; };
		567A3D7E1EFB6F8E0026247E /* NSString+MJExtension.h */ = {isa = PBXFileReference; fileEncoding = 4; lastKnownFileType = sourcecode.c.h; path = "NSString+MJExtension.h"; sourceTree = "<group>"; };
		567A3D7F1EFB6F8E0026247E /* NSString+MJExtension.m */ = {isa = PBXFileReference; fileEncoding = 4; lastKnownFileType = sourcecode.c.objc; path = "NSString+MJExtension.m"; sourceTree = "<group>"; };
		567A3D801EFB6F8E0026247E /* README.md */ = {isa = PBXFileReference; fileEncoding = 4; lastKnownFileType = net.daringfireball.markdown; path = README.md; sourceTree = "<group>"; };
		567A3D8D1EFB6FC90026247E /* libsqlite3.tbd */ = {isa = PBXFileReference; lastKnownFileType = "sourcecode.text-based-dylib-definition"; name = libsqlite3.tbd; path = usr/lib/libsqlite3.tbd; sourceTree = SDKROOT; };
		567A3D8F1EFB7EC80026247E /* FSFileSliceDivider.h */ = {isa = PBXFileReference; fileEncoding = 4; lastKnownFileType = sourcecode.c.h; path = FSFileSliceDivider.h; sourceTree = "<group>"; };
		567A3D901EFB7EC80026247E /* FSFileSliceDivider.m */ = {isa = PBXFileReference; fileEncoding = 4; lastKnownFileType = sourcecode.c.objc; path = FSFileSliceDivider.m; sourceTree = "<group>"; };
		567E0B4E1EF930D100C4C527 /* FSVideoEditor.app */ = {isa = PBXFileReference; explicitFileType = wrapper.application; includeInIndex = 0; path = FSVideoEditor.app; sourceTree = BUILT_PRODUCTS_DIR; };
		567E0B521EF930D100C4C527 /* main.m */ = {isa = PBXFileReference; lastKnownFileType = sourcecode.c.objc; path = main.m; sourceTree = "<group>"; };
		567E0B541EF930D100C4C527 /* AppDelegate.h */ = {isa = PBXFileReference; lastKnownFileType = sourcecode.c.h; path = AppDelegate.h; sourceTree = "<group>"; };
		567E0B551EF930D100C4C527 /* AppDelegate.m */ = {isa = PBXFileReference; lastKnownFileType = sourcecode.c.objc; path = AppDelegate.m; sourceTree = "<group>"; };
		567E0B571EF930D100C4C527 /* ViewController.h */ = {isa = PBXFileReference; lastKnownFileType = sourcecode.c.h; path = ViewController.h; sourceTree = "<group>"; };
		567E0B581EF930D100C4C527 /* ViewController.m */ = {isa = PBXFileReference; lastKnownFileType = sourcecode.c.objc; path = ViewController.m; sourceTree = "<group>"; };
		567E0B5B1EF930D100C4C527 /* Base */ = {isa = PBXFileReference; lastKnownFileType = file.storyboard; name = Base; path = Base.lproj/Main.storyboard; sourceTree = "<group>"; };
		567E0B5D1EF930D100C4C527 /* Assets.xcassets */ = {isa = PBXFileReference; lastKnownFileType = folder.assetcatalog; path = Assets.xcassets; sourceTree = "<group>"; };
		567E0B601EF930D100C4C527 /* Base */ = {isa = PBXFileReference; lastKnownFileType = file.storyboard; name = Base; path = Base.lproj/LaunchScreen.storyboard; sourceTree = "<group>"; };
		567E0B621EF930D100C4C527 /* Info.plist */ = {isa = PBXFileReference; lastKnownFileType = text.plist.xml; path = Info.plist; sourceTree = "<group>"; };
		567E0B7F1EF939CC00C4C527 /* FSVideoEditorKit.framework */ = {isa = PBXFileReference; explicitFileType = wrapper.framework; includeInIndex = 0; path = FSVideoEditorKit.framework; sourceTree = BUILT_PRODUCTS_DIR; };
		567E0B811EF939CC00C4C527 /* FSVideoEditorKit.h */ = {isa = PBXFileReference; lastKnownFileType = sourcecode.c.h; path = FSVideoEditorKit.h; sourceTree = "<group>"; };
		567E0B821EF939CC00C4C527 /* Info.plist */ = {isa = PBXFileReference; lastKnownFileType = text.plist.xml; path = Info.plist; sourceTree = "<group>"; };
		567E0B8C1EF93A1C00C4C527 /* FSLocalVideoController.h */ = {isa = PBXFileReference; fileEncoding = 4; lastKnownFileType = sourcecode.c.h; path = FSLocalVideoController.h; sourceTree = "<group>"; };
		567E0B8D1EF93A1C00C4C527 /* FSLocalVideoController.m */ = {isa = PBXFileReference; fileEncoding = 4; lastKnownFileType = sourcecode.c.objc; path = FSLocalVideoController.m; sourceTree = "<group>"; };
		567E0B9A1EFA20BC00C4C527 /* FSLocalPhotoManager.h */ = {isa = PBXFileReference; fileEncoding = 4; lastKnownFileType = sourcecode.c.h; path = FSLocalPhotoManager.h; sourceTree = "<group>"; };
		567E0B9B1EFA20BC00C4C527 /* FSLocalPhotoManager.m */ = {isa = PBXFileReference; fileEncoding = 4; lastKnownFileType = sourcecode.c.objc; path = FSLocalPhotoManager.m; sourceTree = "<group>"; };
		567E0BA01EFA49F500C4C527 /* FSVideoListView.h */ = {isa = PBXFileReference; fileEncoding = 4; lastKnownFileType = sourcecode.c.h; path = FSVideoListView.h; sourceTree = "<group>"; };
		567E0BA11EFA49F500C4C527 /* FSVideoListView.m */ = {isa = PBXFileReference; fileEncoding = 4; lastKnownFileType = sourcecode.c.objc; path = FSVideoListView.m; sourceTree = "<group>"; };
		567E0BA31EFA4DB400C4C527 /* FSAlbumVideoCell.h */ = {isa = PBXFileReference; fileEncoding = 4; lastKnownFileType = sourcecode.c.h; path = FSAlbumVideoCell.h; sourceTree = "<group>"; };
		567E0BA41EFA4DB400C4C527 /* FSAlbumVideoCell.m */ = {isa = PBXFileReference; fileEncoding = 4; lastKnownFileType = sourcecode.c.objc; path = FSAlbumVideoCell.m; sourceTree = "<group>"; };
		984060361EF93F130049B58E /* FSShortVideoRecorderController.h */ = {isa = PBXFileReference; fileEncoding = 4; lastKnownFileType = sourcecode.c.h; path = FSShortVideoRecorderController.h; sourceTree = "<group>"; };
		984060371EF93F130049B58E /* FSShortVideoRecorderController.m */ = {isa = PBXFileReference; fileEncoding = 4; lastKnownFileType = sourcecode.c.objc; path = FSShortVideoRecorderController.m; sourceTree = "<group>"; };
		984060381EF93F130049B58E /* FSShortVideoRecorderManager.h */ = {isa = PBXFileReference; fileEncoding = 4; lastKnownFileType = sourcecode.c.h; path = FSShortVideoRecorderManager.h; sourceTree = "<group>"; };
		984060391EF93F130049B58E /* FSShortVideoRecorderManager.m */ = {isa = PBXFileReference; fileEncoding = 4; lastKnownFileType = sourcecode.c.objc; path = FSShortVideoRecorderManager.m; sourceTree = "<group>"; };
		9840603A1EF93F130049B58E /* FSShortVideoRecorderView.h */ = {isa = PBXFileReference; fileEncoding = 4; lastKnownFileType = sourcecode.c.h; path = FSShortVideoRecorderView.h; sourceTree = "<group>"; };
		9840603B1EF93F130049B58E /* FSShortVideoRecorderView.m */ = {isa = PBXFileReference; fileEncoding = 4; lastKnownFileType = sourcecode.c.objc; path = FSShortVideoRecorderView.m; sourceTree = "<group>"; };
		984060401EF9401F0049B58E /* libNvStreamingSdkCore.a */ = {isa = PBXFileReference; lastKnownFileType = archive.ar; name = libNvStreamingSdkCore.a; path = FSVideoEditor/ThirdFramwork/NvStreamingSdk/lib/ios/libNvStreamingSdkCore.a; sourceTree = "<group>"; };
		984060411EF9401F0049B58E /* libNvStreamingSdkDeps.a */ = {isa = PBXFileReference; lastKnownFileType = archive.ar; name = libNvStreamingSdkDeps.a; path = FSVideoEditor/ThirdFramwork/NvStreamingSdk/lib/ios/libNvStreamingSdkDeps.a; sourceTree = "<group>"; };
		984060441EF940350049B58E /* AVFoundation.framework */ = {isa = PBXFileReference; lastKnownFileType = wrapper.framework; name = AVFoundation.framework; path = System/Library/Frameworks/AVFoundation.framework; sourceTree = SDKROOT; };
		984060461EF9403F0049B58E /* CoreMedia.framework */ = {isa = PBXFileReference; lastKnownFileType = wrapper.framework; name = CoreMedia.framework; path = System/Library/Frameworks/CoreMedia.framework; sourceTree = SDKROOT; };
		984060481EF940490049B58E /* Photos.framework */ = {isa = PBXFileReference; lastKnownFileType = wrapper.framework; name = Photos.framework; path = System/Library/Frameworks/Photos.framework; sourceTree = SDKROOT; };
		9840604A1EF940500049B58E /* VideoToolbox.framework */ = {isa = PBXFileReference; lastKnownFileType = wrapper.framework; name = VideoToolbox.framework; path = System/Library/Frameworks/VideoToolbox.framework; sourceTree = SDKROOT; };
		9840604C1EF940580049B58E /* AudioToolbox.framework */ = {isa = PBXFileReference; lastKnownFileType = wrapper.framework; name = AudioToolbox.framework; path = System/Library/Frameworks/AudioToolbox.framework; sourceTree = SDKROOT; };
		9840604E1EF940620049B58E /* MobileCoreServices.framework */ = {isa = PBXFileReference; lastKnownFileType = wrapper.framework; name = MobileCoreServices.framework; path = System/Library/Frameworks/MobileCoreServices.framework; sourceTree = SDKROOT; };
		984060501EF9406A0049B58E /* AssetsLibrary.framework */ = {isa = PBXFileReference; lastKnownFileType = wrapper.framework; name = AssetsLibrary.framework; path = System/Library/Frameworks/AssetsLibrary.framework; sourceTree = SDKROOT; };
		984060521EF940730049B58E /* libiconv.tbd */ = {isa = PBXFileReference; lastKnownFileType = "sourcecode.text-based-dylib-definition"; name = libiconv.tbd; path = usr/lib/libiconv.tbd; sourceTree = SDKROOT; };
		984060541EF9407B0049B58E /* libz.tbd */ = {isa = PBXFileReference; lastKnownFileType = "sourcecode.text-based-dylib-definition"; name = libz.tbd; path = usr/lib/libz.tbd; sourceTree = SDKROOT; };
		984060561EF940810049B58E /* libc++.tbd */ = {isa = PBXFileReference; lastKnownFileType = "sourcecode.text-based-dylib-definition"; name = "libc++.tbd"; path = "usr/lib/libc++.tbd"; sourceTree = SDKROOT; };
		988AC6C41EFD1D3D007FBCEF /* FSProgressView.h */ = {isa = PBXFileReference; fileEncoding = 4; lastKnownFileType = sourcecode.c.h; path = FSProgressView.h; sourceTree = "<group>"; };
		988AC6C51EFD1D3D007FBCEF /* FSProgressView.m */ = {isa = PBXFileReference; fileEncoding = 4; lastKnownFileType = sourcecode.c.objc; path = FSProgressView.m; sourceTree = "<group>"; };
		988AC6C91EFD3BB7007FBCEF /* FSEditVideoTool.h */ = {isa = PBXFileReference; fileEncoding = 4; lastKnownFileType = sourcecode.c.h; path = FSEditVideoTool.h; sourceTree = "<group>"; };
		988AC6CA1EFD3BB7007FBCEF /* FSEditVideoTool.m */ = {isa = PBXFileReference; fileEncoding = 4; lastKnownFileType = sourcecode.c.objc; path = FSEditVideoTool.m; sourceTree = "<group>"; };
		988AC6D21EFE4B99007FBCEF /* FSPublisherToolView.h */ = {isa = PBXFileReference; fileEncoding = 4; lastKnownFileType = sourcecode.c.h; path = FSPublisherToolView.h; sourceTree = "<group>"; };
		988AC6D31EFE4B99007FBCEF /* FSPublisherToolView.m */ = {isa = PBXFileReference; fileEncoding = 4; lastKnownFileType = sourcecode.c.objc; path = FSPublisherToolView.m; sourceTree = "<group>"; };
		988AC6D71EFE560B007FBCEF /* FSEditVideoNameView.h */ = {isa = PBXFileReference; fileEncoding = 4; lastKnownFileType = sourcecode.c.h; path = FSEditVideoNameView.h; sourceTree = "<group>"; };
		988AC6D81EFE560B007FBCEF /* FSEditVideoNameView.m */ = {isa = PBXFileReference; fileEncoding = 4; lastKnownFileType = sourcecode.c.objc; path = FSEditVideoNameView.m; sourceTree = "<group>"; };
		988AC6DC1EFE65C2007FBCEF /* FSFilterView.h */ = {isa = PBXFileReference; fileEncoding = 4; lastKnownFileType = sourcecode.c.h; path = FSFilterView.h; sourceTree = "<group>"; };
		988AC6DD1EFE65C2007FBCEF /* FSFilterView.m */ = {isa = PBXFileReference; fileEncoding = 4; lastKnownFileType = sourcecode.c.objc; path = FSFilterView.m; sourceTree = "<group>"; };
		988AC6E11EFE6926007FBCEF /* FSFilterButton.h */ = {isa = PBXFileReference; fileEncoding = 4; lastKnownFileType = sourcecode.c.h; path = FSFilterButton.h; sourceTree = "<group>"; };
		988AC6E21EFE6926007FBCEF /* FSFilterButton.m */ = {isa = PBXFileReference; fileEncoding = 4; lastKnownFileType = sourcecode.c.objc; path = FSFilterButton.m; sourceTree = "<group>"; };
		988AC6E61F010B0D007FBCEF /* FSControlVolumeView.h */ = {isa = PBXFileReference; fileEncoding = 4; lastKnownFileType = sourcecode.c.h; path = FSControlVolumeView.h; sourceTree = "<group>"; };
		988AC6E71F010B0D007FBCEF /* FSControlVolumeView.m */ = {isa = PBXFileReference; fileEncoding = 4; lastKnownFileType = sourcecode.c.objc; path = FSControlVolumeView.m; sourceTree = "<group>"; };
		98E3C9BB1EFA1B9B00A2FDD6 /* NvsAssetPackageManager.h */ = {isa = PBXFileReference; fileEncoding = 4; lastKnownFileType = sourcecode.c.h; path = NvsAssetPackageManager.h; sourceTree = "<group>"; };
		98E3C9BC1EFA1B9B00A2FDD6 /* NvsAudioClip.h */ = {isa = PBXFileReference; fileEncoding = 4; lastKnownFileType = sourcecode.c.h; path = NvsAudioClip.h; sourceTree = "<group>"; };
		98E3C9BD1EFA1B9B00A2FDD6 /* NvsAudioFx.h */ = {isa = PBXFileReference; fileEncoding = 4; lastKnownFileType = sourcecode.c.h; path = NvsAudioFx.h; sourceTree = "<group>"; };
		98E3C9BE1EFA1B9B00A2FDD6 /* NvsAudioTrack.h */ = {isa = PBXFileReference; fileEncoding = 4; lastKnownFileType = sourcecode.c.h; path = NvsAudioTrack.h; sourceTree = "<group>"; };
		98E3C9BF1EFA1B9B00A2FDD6 /* NvsAudioTransition.h */ = {isa = PBXFileReference; fileEncoding = 4; lastKnownFileType = sourcecode.c.h; path = NvsAudioTransition.h; sourceTree = "<group>"; };
		98E3C9C01EFA1B9B00A2FDD6 /* NvsAVFileInfo.h */ = {isa = PBXFileReference; fileEncoding = 4; lastKnownFileType = sourcecode.c.h; path = NvsAVFileInfo.h; sourceTree = "<group>"; };
		98E3C9C11EFA1B9B00A2FDD6 /* NvsCaptureVideoFx.h */ = {isa = PBXFileReference; fileEncoding = 4; lastKnownFileType = sourcecode.c.h; path = NvsCaptureVideoFx.h; sourceTree = "<group>"; };
		98E3C9C21EFA1B9B00A2FDD6 /* NvsClip.h */ = {isa = PBXFileReference; fileEncoding = 4; lastKnownFileType = sourcecode.c.h; path = NvsClip.h; sourceTree = "<group>"; };
		98E3C9C31EFA1B9B00A2FDD6 /* NvsCommonDef.h */ = {isa = PBXFileReference; fileEncoding = 4; lastKnownFileType = sourcecode.c.h; path = NvsCommonDef.h; sourceTree = "<group>"; };
		98E3C9C41EFA1B9B00A2FDD6 /* NvsFx.h */ = {isa = PBXFileReference; fileEncoding = 4; lastKnownFileType = sourcecode.c.h; path = NvsFx.h; sourceTree = "<group>"; };
		98E3C9C51EFA1B9B00A2FDD6 /* NvsFxDescription.h */ = {isa = PBXFileReference; fileEncoding = 4; lastKnownFileType = sourcecode.c.h; path = NvsFxDescription.h; sourceTree = "<group>"; };
		98E3C9C61EFA1B9B00A2FDD6 /* NvsLiveWindow.h */ = {isa = PBXFileReference; fileEncoding = 4; lastKnownFileType = sourcecode.c.h; path = NvsLiveWindow.h; sourceTree = "<group>"; };
		98E3C9C71EFA1B9B00A2FDD6 /* NvsObject.h */ = {isa = PBXFileReference; fileEncoding = 4; lastKnownFileType = sourcecode.c.h; path = NvsObject.h; sourceTree = "<group>"; };
		98E3C9C81EFA1B9B00A2FDD6 /* NvsStreamingContext.h */ = {isa = PBXFileReference; fileEncoding = 4; lastKnownFileType = sourcecode.c.h; path = NvsStreamingContext.h; sourceTree = "<group>"; };
		98E3C9C91EFA1B9B00A2FDD6 /* NvsThumbnailSequenceView.h */ = {isa = PBXFileReference; fileEncoding = 4; lastKnownFileType = sourcecode.c.h; path = NvsThumbnailSequenceView.h; sourceTree = "<group>"; };
		98E3C9CA1EFA1B9B00A2FDD6 /* NvsTimeline.h */ = {isa = PBXFileReference; fileEncoding = 4; lastKnownFileType = sourcecode.c.h; path = NvsTimeline.h; sourceTree = "<group>"; };
		98E3C9CB1EFA1B9B00A2FDD6 /* NvsTimelineAnimatedSticker.h */ = {isa = PBXFileReference; fileEncoding = 4; lastKnownFileType = sourcecode.c.h; path = NvsTimelineAnimatedSticker.h; sourceTree = "<group>"; };
		98E3C9CC1EFA1B9B00A2FDD6 /* NvsTimelineCaption.h */ = {isa = PBXFileReference; fileEncoding = 4; lastKnownFileType = sourcecode.c.h; path = NvsTimelineCaption.h; sourceTree = "<group>"; };
		98E3C9CD1EFA1B9B00A2FDD6 /* NvsTimelineVideoFx.h */ = {isa = PBXFileReference; fileEncoding = 4; lastKnownFileType = sourcecode.c.h; path = NvsTimelineVideoFx.h; sourceTree = "<group>"; };
		98E3C9CE1EFA1B9B00A2FDD6 /* NvsTrack.h */ = {isa = PBXFileReference; fileEncoding = 4; lastKnownFileType = sourcecode.c.h; path = NvsTrack.h; sourceTree = "<group>"; };
		98E3C9CF1EFA1B9B00A2FDD6 /* NvsVideoClip.h */ = {isa = PBXFileReference; fileEncoding = 4; lastKnownFileType = sourcecode.c.h; path = NvsVideoClip.h; sourceTree = "<group>"; };
		98E3C9D01EFA1B9B00A2FDD6 /* NvsVideoFrameReceiver.h */ = {isa = PBXFileReference; fileEncoding = 4; lastKnownFileType = sourcecode.c.h; path = NvsVideoFrameReceiver.h; sourceTree = "<group>"; };
		98E3C9D11EFA1B9B00A2FDD6 /* NvsVideoFrameRetriever.h */ = {isa = PBXFileReference; fileEncoding = 4; lastKnownFileType = sourcecode.c.h; path = NvsVideoFrameRetriever.h; sourceTree = "<group>"; };
		98E3C9D21EFA1B9B00A2FDD6 /* NvsVideoFx.h */ = {isa = PBXFileReference; fileEncoding = 4; lastKnownFileType = sourcecode.c.h; path = NvsVideoFx.h; sourceTree = "<group>"; };
		98E3C9D31EFA1B9B00A2FDD6 /* NvsVideoTrack.h */ = {isa = PBXFileReference; fileEncoding = 4; lastKnownFileType = sourcecode.c.h; path = NvsVideoTrack.h; sourceTree = "<group>"; };
		98E3C9D41EFA1B9B00A2FDD6 /* NvsVideoTransition.h */ = {isa = PBXFileReference; fileEncoding = 4; lastKnownFileType = sourcecode.c.h; path = NvsVideoTransition.h; sourceTree = "<group>"; };
/* End PBXFileReference section */

/* Begin PBXFrameworksBuildPhase section */
		567E0B4B1EF930D100C4C527 /* Frameworks */ = {
			isa = PBXFrameworksBuildPhase;
			buildActionMask = 2147483647;
			files = (
				567A3D8E1EFB6FC90026247E /* libsqlite3.tbd in Frameworks */,
				984060571EF940810049B58E /* libc++.tbd in Frameworks */,
				984060551EF9407B0049B58E /* libz.tbd in Frameworks */,
				984060531EF940730049B58E /* libiconv.tbd in Frameworks */,
				984060511EF9406A0049B58E /* AssetsLibrary.framework in Frameworks */,
				9840604F1EF940620049B58E /* MobileCoreServices.framework in Frameworks */,
				9840604D1EF940580049B58E /* AudioToolbox.framework in Frameworks */,
				9840604B1EF940500049B58E /* VideoToolbox.framework in Frameworks */,
				984060491EF940490049B58E /* Photos.framework in Frameworks */,
				984060471EF9403F0049B58E /* CoreMedia.framework in Frameworks */,
				984060451EF940350049B58E /* AVFoundation.framework in Frameworks */,
				984060421EF9401F0049B58E /* libNvStreamingSdkCore.a in Frameworks */,
				984060431EF9401F0049B58E /* libNvStreamingSdkDeps.a in Frameworks */,
			);
			runOnlyForDeploymentPostprocessing = 0;
		};
		567E0B7B1EF939CC00C4C527 /* Frameworks */ = {
			isa = PBXFrameworksBuildPhase;
			buildActionMask = 2147483647;
			files = (
			);
			runOnlyForDeploymentPostprocessing = 0;
		};
/* End PBXFrameworksBuildPhase section */

/* Begin PBXGroup section */
		562D403C1EFBE87D00BF0E0D /* FSLocalVideoEditor */ = {
			isa = PBXGroup;
			children = (
				562D403D1EFBE8A100BF0E0D /* FSLocalEditorController.h */,
				562D403E1EFBE8A100BF0E0D /* FSLocalEditorController.m */,
				562D40651EFE41CE00BF0E0D /* FSVideoFxController.h */,
				562D40661EFE41CE00BF0E0D /* FSVideoFxController.m */,
				563A378E1EFFE43800852642 /* FSThumbnailView.h */,
				563A378F1EFFE43800852642 /* FSThumbnailView.m */,
			);
			path = FSLocalVideoEditor;
			sourceTree = "<group>";
		};
		562D40461EFD1DE200BF0E0D /* AFNetworking */ = {
			isa = PBXGroup;
			children = (
				562D40471EFD1DE200BF0E0D /* AFHTTPSessionManager.h */,
				562D40481EFD1DE200BF0E0D /* AFHTTPSessionManager.m */,
				562D40491EFD1DE200BF0E0D /* AFNetworking.h */,
				562D404A1EFD1DE200BF0E0D /* AFNetworkReachabilityManager.h */,
				562D404B1EFD1DE200BF0E0D /* AFNetworkReachabilityManager.m */,
				562D404C1EFD1DE200BF0E0D /* AFSecurityPolicy.h */,
				562D404D1EFD1DE200BF0E0D /* AFSecurityPolicy.m */,
				562D404E1EFD1DE200BF0E0D /* AFURLRequestSerialization.h */,
				562D404F1EFD1DE200BF0E0D /* AFURLRequestSerialization.m */,
				562D40501EFD1DE200BF0E0D /* AFURLResponseSerialization.h */,
				562D40511EFD1DE200BF0E0D /* AFURLResponseSerialization.m */,
				562D40521EFD1DE200BF0E0D /* AFURLSessionManager.h */,
				562D40531EFD1DE200BF0E0D /* AFURLSessionManager.m */,
			);
			path = AFNetworking;
			sourceTree = "<group>";
		};
		562D405A1EFD38A500BF0E0D /* FSVideoPublisher */ = {
			isa = PBXGroup;
			children = (
				562D405B1EFD39F100BF0E0D /* FSPublisherController.h */,
				562D405C1EFD39F100BF0E0D /* FSPublisherController.m */,
				988AC6D21EFE4B99007FBCEF /* FSPublisherToolView.h */,
				988AC6D31EFE4B99007FBCEF /* FSPublisherToolView.m */,
				988AC6D71EFE560B007FBCEF /* FSEditVideoNameView.h */,
				988AC6D81EFE560B007FBCEF /* FSEditVideoNameView.m */,
				562D40621EFE402E00BF0E0D /* FSPublishView.h */,
				562D40631EFE402E00BF0E0D /* FSPublishView.m */,
			);
			path = FSVideoPublisher;
			sourceTree = "<group>";
		};
		562D405E1EFE3B4600BF0E0D /* Utils */ = {
			isa = PBXGroup;
			children = (
				562D405F1EFE3B5000BF0E0D /* FSEditorLoading.h */,
				562D40601EFE3B5000BF0E0D /* FSEditorLoading.m */,
				5647BC3D1F02954B0072B618 /* FSDissolveAnimator.h */,
				5647BC3E1F02954B0072B618 /* FSDissolveAnimator.m */,
				5647BC401F0295E00072B618 /* FSSpringAnimator.h */,
				5647BC411F0295E00072B618 /* FSSpringAnimator.m */,
			);
			path = Utils;
			sourceTree = "<group>";
		};
		562D40681EFE4B3500BF0E0D /* FSVideoFxView */ = {
			isa = PBXGroup;
			children = (
				562D40691EFE4B4400BF0E0D /* FSVideoFxView.h */,
				562D406A1EFE4B4400BF0E0D /* FSVideoFxView.m */,
				562D40741EFE6A8A00BF0E0D /* FSVideoClipProgress.h */,
				562D40751EFE6A8A00BF0E0D /* FSVideoClipProgress.m */,
				5647BC3A1F0272110072B618 /* FSControlView.h */,
				5647BC3B1F0272110072B618 /* FSControlView.m */,
			);
			path = FSVideoFxView;
			sourceTree = "<group>";
		};
		562D406E1EFE4D2000BF0E0D /* FSVideoFxSource */ = {
			isa = PBXGroup;
			children = (
				562D40711EFE4FD900BF0E0D /* A8A4344D-45DA-460F-A18F-C0E2355FE864.videofx */,
				562D406F1EFE4D2A00BF0E0D /* C6273A8F-C899-4765-8BFC-E683EE37AA84.videofx */,
			);
			path = FSVideoFxSource;
			sourceTree = "<group>";
		};
		567A3D171EFB66B60026247E /* FSUploadKit */ = {
			isa = PBXGroup;
			children = (
				567A3D181EFB66B60026247E /* FSFile */,
				567A3D1D1EFB66B60026247E /* FSFileDivider */,
				567A3D221EFB66B60026247E /* FSFileDownLoader */,
				567A3D291EFB66B60026247E /* FSFileUploader */,
				567A3D3B1EFB66B60026247E /* FSUploader.h */,
				567A3D3C1EFB66B60026247E /* FSUploader.m */,
				567A3D3D1EFB66B60026247E /* Utils */,
			);
			path = FSUploadKit;
			sourceTree = "<group>";
		};
		567A3D181EFB66B60026247E /* FSFile */ = {
			isa = PBXGroup;
			children = (
				567A3D191EFB66B60026247E /* FSFile.h */,
				567A3D1A1EFB66B60026247E /* FSFile.m */,
				567A3D1B1EFB66B60026247E /* FSFileSlice.h */,
				567A3D1C1EFB66B60026247E /* FSFileSlice.m */,
			);
			path = FSFile;
			sourceTree = "<group>";
		};
		567A3D1D1EFB66B60026247E /* FSFileDivider */ = {
			isa = PBXGroup;
			children = (
				567A3D1E1EFB66B60026247E /* FSFileDivider.h */,
				567A3D1F1EFB66B60026247E /* FSFileDivider.m */,
				567A3D201EFB66B60026247E /* FSFileSizeDivider.h */,
				567A3D211EFB66B60026247E /* FSFileSizeDivider.m */,
				567A3D8F1EFB7EC80026247E /* FSFileSliceDivider.h */,
				567A3D901EFB7EC80026247E /* FSFileSliceDivider.m */,
			);
			path = FSFileDivider;
			sourceTree = "<group>";
		};
		567A3D221EFB66B60026247E /* FSFileDownLoader */ = {
			isa = PBXGroup;
			children = (
				567A3D231EFB66B60026247E /* FSFileDownloadAPI */,
				567A3D261EFB66B60026247E /* FSFileDownloadCache */,
			);
			path = FSFileDownLoader;
			sourceTree = "<group>";
		};
		567A3D231EFB66B60026247E /* FSFileDownloadAPI */ = {
			isa = PBXGroup;
			children = (
				567A3D241EFB66B60026247E /* FSFileDownLoadTool.h */,
				567A3D251EFB66B60026247E /* FSFileDownLoadTool.m */,
			);
			path = FSFileDownloadAPI;
			sourceTree = "<group>";
		};
		567A3D261EFB66B60026247E /* FSFileDownloadCache */ = {
			isa = PBXGroup;
			children = (
				567A3D271EFB66B60026247E /* FSFileDownloadCache.h */,
				567A3D281EFB66B60026247E /* FSFileDownloadCache.m */,
			);
			path = FSFileDownloadCache;
			sourceTree = "<group>";
		};
		567A3D291EFB66B60026247E /* FSFileUploader */ = {
			isa = PBXGroup;
			children = (
				567A3D2A1EFB66B60026247E /* FSFileUploadAPI */,
				567A3D2D1EFB66B60026247E /* FSFileUploadCache */,
				567A3D351EFB66B60026247E /* FSFileUploadChecker */,
				567A3D381EFB66B60026247E /* FSFileUpLoader */,
			);
			path = FSFileUploader;
			sourceTree = "<group>";
		};
		567A3D2A1EFB66B60026247E /* FSFileUploadAPI */ = {
			isa = PBXGroup;
			children = (
				567A3D2B1EFB66B60026247E /* FSFileUploadTool.h */,
				567A3D2C1EFB66B60026247E /* FSFileUploadTool.m */,
			);
			path = FSFileUploadAPI;
			sourceTree = "<group>";
		};
		567A3D2D1EFB66B60026247E /* FSFileUploadCache */ = {
			isa = PBXGroup;
			children = (
				567A3D2E1EFB66B60026247E /* FSDBUploadCache.h */,
				567A3D2F1EFB66B60026247E /* FSDBUploadCache.m */,
				567A3D301EFB66B60026247E /* FSFileCacheProtocol.h */,
				567A3D311EFB66B60026247E /* FSFileUploadCache.h */,
				567A3D321EFB66B60026247E /* FSFileUploadCache.m */,
				567A3D331EFB66B60026247E /* FSUploadCache.h */,
				567A3D341EFB66B60026247E /* FSUploadCache.m */,
			);
			path = FSFileUploadCache;
			sourceTree = "<group>";
		};
		567A3D351EFB66B60026247E /* FSFileUploadChecker */ = {
			isa = PBXGroup;
			children = (
				567A3D361EFB66B60026247E /* FSFileUploadChecker.h */,
				567A3D371EFB66B60026247E /* FSFileUploadChecker.m */,
			);
			path = FSFileUploadChecker;
			sourceTree = "<group>";
		};
		567A3D381EFB66B60026247E /* FSFileUpLoader */ = {
			isa = PBXGroup;
			children = (
				567A3D391EFB66B60026247E /* FSFileUploader.h */,
				567A3D3A1EFB66B60026247E /* FSFileUploader.m */,
			);
			path = FSFileUpLoader;
			sourceTree = "<group>";
		};
		567A3D3D1EFB66B60026247E /* Utils */ = {
			isa = PBXGroup;
			children = (
				567A3D3E1EFB66B60026247E /* FSFileUploadDBManager.h */,
				567A3D3F1EFB66B60026247E /* FSFileUploadDBManager.m */,
				567A3D401EFB66B60026247E /* FSMD5Utils.h */,
				567A3D411EFB66B60026247E /* FSMD5Utils.m */,
			);
			path = Utils;
			sourceTree = "<group>";
		};
		567A3D511EFB6F830026247E /* FMDB */ = {
			isa = PBXGroup;
			children = (
				567A3D521EFB6F830026247E /* LICENSE.txt */,
				567A3D531EFB6F830026247E /* README.markdown */,
				567A3D541EFB6F830026247E /* src */,
			);
			path = FMDB;
			sourceTree = "<group>";
		};
		567A3D541EFB6F830026247E /* src */ = {
			isa = PBXGroup;
			children = (
				567A3D551EFB6F830026247E /* fmdb */,
			);
			path = src;
			sourceTree = "<group>";
		};
		567A3D551EFB6F830026247E /* fmdb */ = {
			isa = PBXGroup;
			children = (
				567A3D561EFB6F830026247E /* FMDatabase.h */,
				567A3D571EFB6F830026247E /* FMDatabase.m */,
				567A3D581EFB6F830026247E /* FMDatabaseAdditions.h */,
				567A3D591EFB6F830026247E /* FMDatabaseAdditions.m */,
				567A3D5A1EFB6F830026247E /* FMDatabasePool.h */,
				567A3D5B1EFB6F830026247E /* FMDatabasePool.m */,
				567A3D5C1EFB6F830026247E /* FMDatabaseQueue.h */,
				567A3D5D1EFB6F830026247E /* FMDatabaseQueue.m */,
				567A3D5E1EFB6F830026247E /* FMDB.h */,
				567A3D5F1EFB6F830026247E /* FMResultSet.h */,
				567A3D601EFB6F830026247E /* FMResultSet.m */,
			);
			path = fmdb;
			sourceTree = "<group>";
		};
		567A3D681EFB6F8E0026247E /* MJExtension */ = {
			isa = PBXGroup;
			children = (
				567A3D691EFB6F8E0026247E /* LICENSE */,
				567A3D6A1EFB6F8E0026247E /* MJExtension */,
				567A3D801EFB6F8E0026247E /* README.md */,
			);
			path = MJExtension;
			sourceTree = "<group>";
		};
		567A3D6A1EFB6F8E0026247E /* MJExtension */ = {
			isa = PBXGroup;
			children = (
				567A3D6B1EFB6F8E0026247E /* MJExtension.h */,
				567A3D6C1EFB6F8E0026247E /* MJExtensionConst.h */,
				567A3D6D1EFB6F8E0026247E /* MJExtensionConst.m */,
				567A3D6E1EFB6F8E0026247E /* MJFoundation.h */,
				567A3D6F1EFB6F8E0026247E /* MJFoundation.m */,
				567A3D701EFB6F8E0026247E /* MJProperty.h */,
				567A3D711EFB6F8E0026247E /* MJProperty.m */,
				567A3D721EFB6F8E0026247E /* MJPropertyKey.h */,
				567A3D731EFB6F8E0026247E /* MJPropertyKey.m */,
				567A3D741EFB6F8E0026247E /* MJPropertyType.h */,
				567A3D751EFB6F8E0026247E /* MJPropertyType.m */,
				567A3D761EFB6F8E0026247E /* NSObject+MJClass.h */,
				567A3D771EFB6F8E0026247E /* NSObject+MJClass.m */,
				567A3D781EFB6F8E0026247E /* NSObject+MJCoding.h */,
				567A3D791EFB6F8E0026247E /* NSObject+MJCoding.m */,
				567A3D7A1EFB6F8E0026247E /* NSObject+MJKeyValue.h */,
				567A3D7B1EFB6F8E0026247E /* NSObject+MJKeyValue.m */,
				567A3D7C1EFB6F8E0026247E /* NSObject+MJProperty.h */,
				567A3D7D1EFB6F8E0026247E /* NSObject+MJProperty.m */,
				567A3D7E1EFB6F8E0026247E /* NSString+MJExtension.h */,
				567A3D7F1EFB6F8E0026247E /* NSString+MJExtension.m */,
			);
			path = MJExtension;
			sourceTree = "<group>";
		};
		567E0B451EF930D100C4C527 = {
			isa = PBXGroup;
			children = (
				567E0B501EF930D100C4C527 /* FSVideoEditor */,
				567E0B801EF939CC00C4C527 /* FSVideoEditorKit */,
				567E0B4F1EF930D100C4C527 /* Products */,
				9840603F1EF9401E0049B58E /* Frameworks */,
			);
			sourceTree = "<group>";
		};
		567E0B4F1EF930D100C4C527 /* Products */ = {
			isa = PBXGroup;
			children = (
				567E0B4E1EF930D100C4C527 /* FSVideoEditor.app */,
				567E0B7F1EF939CC00C4C527 /* FSVideoEditorKit.framework */,
			);
			name = Products;
			sourceTree = "<group>";
		};
		567E0B501EF930D100C4C527 /* FSVideoEditor */ = {
			isa = PBXGroup;
			children = (
				562D405E1EFE3B4600BF0E0D /* Utils */,
				562D406E1EFE4D2000BF0E0D /* FSVideoFxSource */,
				567A3D171EFB66B60026247E /* FSUploadKit */,
				562D405A1EFD38A500BF0E0D /* FSVideoPublisher */,
				984060351EF93F130049B58E /* FSVideoRecorder */,
				567E0B8B1EF939F000C4C527 /* FSVideoEditors */,
				567E0B541EF930D100C4C527 /* AppDelegate.h */,
				567E0B551EF930D100C4C527 /* AppDelegate.m */,
				567E0B571EF930D100C4C527 /* ViewController.h */,
				567E0B581EF930D100C4C527 /* ViewController.m */,
				567E0B5A1EF930D100C4C527 /* Main.storyboard */,
				567E0B5D1EF930D100C4C527 /* Assets.xcassets */,
				567E0B5F1EF930D100C4C527 /* LaunchScreen.storyboard */,
				567E0B621EF930D100C4C527 /* Info.plist */,
				567E0B511EF930D100C4C527 /* Supporting Files */,
			);
			path = FSVideoEditor;
			sourceTree = "<group>";
		};
		567E0B511EF930D100C4C527 /* Supporting Files */ = {
			isa = PBXGroup;
			children = (
				567E0B521EF930D100C4C527 /* main.m */,
				562D40731EFE61F700BF0E0D /* FSEditorPch.pch */,
			);
			name = "Supporting Files";
			sourceTree = "<group>";
		};
		567E0B801EF939CC00C4C527 /* FSVideoEditorKit */ = {
			isa = PBXGroup;
			children = (
				567E0B811EF939CC00C4C527 /* FSVideoEditorKit.h */,
				567E0B821EF939CC00C4C527 /* Info.plist */,
			);
			path = FSVideoEditorKit;
			sourceTree = "<group>";
		};
		567E0B8B1EF939F000C4C527 /* FSVideoEditors */ = {
			isa = PBXGroup;
			children = (
				562D403C1EFBE87D00BF0E0D /* FSLocalVideoEditor */,
				562D40681EFE4B3500BF0E0D /* FSVideoFxView */,
				567E0B9F1EFA49D300C4C527 /* FSVideolistView */,
				567E0B8C1EF93A1C00C4C527 /* FSLocalVideoController.h */,
				567E0B8D1EF93A1C00C4C527 /* FSLocalVideoController.m */,
				567E0B9A1EFA20BC00C4C527 /* FSLocalPhotoManager.h */,
				567E0B9B1EFA20BC00C4C527 /* FSLocalPhotoManager.m */,
				988AC6DC1EFE65C2007FBCEF /* FSFilterView.h */,
				988AC6DD1EFE65C2007FBCEF /* FSFilterView.m */,
				988AC6E11EFE6926007FBCEF /* FSFilterButton.h */,
				988AC6E21EFE6926007FBCEF /* FSFilterButton.m */,
				988AC6E61F010B0D007FBCEF /* FSControlVolumeView.h */,
				988AC6E71F010B0D007FBCEF /* FSControlVolumeView.m */,
			);
			path = FSVideoEditors;
			sourceTree = "<group>";
		};
		567E0B9F1EFA49D300C4C527 /* FSVideolistView */ = {
			isa = PBXGroup;
			children = (
				567E0BA01EFA49F500C4C527 /* FSVideoListView.h */,
				567E0BA11EFA49F500C4C527 /* FSVideoListView.m */,
				567E0BA31EFA4DB400C4C527 /* FSAlbumVideoCell.h */,
				567E0BA41EFA4DB400C4C527 /* FSAlbumVideoCell.m */,
			);
			path = FSVideolistView;
			sourceTree = "<group>";
		};
		984060351EF93F130049B58E /* FSVideoRecorder */ = {
			isa = PBXGroup;
			children = (
				984060361EF93F130049B58E /* FSShortVideoRecorderController.h */,
				984060371EF93F130049B58E /* FSShortVideoRecorderController.m */,
				984060381EF93F130049B58E /* FSShortVideoRecorderManager.h */,
				984060391EF93F130049B58E /* FSShortVideoRecorderManager.m */,
				9840603A1EF93F130049B58E /* FSShortVideoRecorderView.h */,
				9840603B1EF93F130049B58E /* FSShortVideoRecorderView.m */,
				988AC6C41EFD1D3D007FBCEF /* FSProgressView.h */,
				988AC6C51EFD1D3D007FBCEF /* FSProgressView.m */,
				988AC6C91EFD3BB7007FBCEF /* FSEditVideoTool.h */,
				988AC6CA1EFD3BB7007FBCEF /* FSEditVideoTool.m */,
			);
			name = FSVideoRecorder;
			path = FSShortVideoRecorder;
			sourceTree = "<group>";
		};
		9840603F1EF9401E0049B58E /* Frameworks */ = {
			isa = PBXGroup;
			children = (
				562D40461EFD1DE200BF0E0D /* AFNetworking */,
				567A3D8D1EFB6FC90026247E /* libsqlite3.tbd */,
				567A3D681EFB6F8E0026247E /* MJExtension */,
				567A3D511EFB6F830026247E /* FMDB */,
				98E3C9B81EFA1B9B00A2FDD6 /* include */,
				984060561EF940810049B58E /* libc++.tbd */,
				984060541EF9407B0049B58E /* libz.tbd */,
				984060521EF940730049B58E /* libiconv.tbd */,
				984060501EF9406A0049B58E /* AssetsLibrary.framework */,
				9840604E1EF940620049B58E /* MobileCoreServices.framework */,
				9840604C1EF940580049B58E /* AudioToolbox.framework */,
				9840604A1EF940500049B58E /* VideoToolbox.framework */,
				984060481EF940490049B58E /* Photos.framework */,
				984060461EF9403F0049B58E /* CoreMedia.framework */,
				984060441EF940350049B58E /* AVFoundation.framework */,
				984060401EF9401F0049B58E /* libNvStreamingSdkCore.a */,
				984060411EF9401F0049B58E /* libNvStreamingSdkDeps.a */,
			);
			name = Frameworks;
			sourceTree = "<group>";
		};
		98E3C9B81EFA1B9B00A2FDD6 /* include */ = {
			isa = PBXGroup;
			children = (
				98E3C9B91EFA1B9B00A2FDD6 /* sdkcore */,
			);
			name = include;
			path = FSVideoEditor/ThirdFramwork/NvStreamingSdk/include;
			sourceTree = "<group>";
		};
		98E3C9B91EFA1B9B00A2FDD6 /* sdkcore */ = {
			isa = PBXGroup;
			children = (
				98E3C9BA1EFA1B9B00A2FDD6 /* ios */,
			);
			path = sdkcore;
			sourceTree = "<group>";
		};
		98E3C9BA1EFA1B9B00A2FDD6 /* ios */ = {
			isa = PBXGroup;
			children = (
				98E3C9BB1EFA1B9B00A2FDD6 /* NvsAssetPackageManager.h */,
				98E3C9BC1EFA1B9B00A2FDD6 /* NvsAudioClip.h */,
				98E3C9BD1EFA1B9B00A2FDD6 /* NvsAudioFx.h */,
				98E3C9BE1EFA1B9B00A2FDD6 /* NvsAudioTrack.h */,
				98E3C9BF1EFA1B9B00A2FDD6 /* NvsAudioTransition.h */,
				98E3C9C01EFA1B9B00A2FDD6 /* NvsAVFileInfo.h */,
				98E3C9C11EFA1B9B00A2FDD6 /* NvsCaptureVideoFx.h */,
				98E3C9C21EFA1B9B00A2FDD6 /* NvsClip.h */,
				98E3C9C31EFA1B9B00A2FDD6 /* NvsCommonDef.h */,
				98E3C9C41EFA1B9B00A2FDD6 /* NvsFx.h */,
				98E3C9C51EFA1B9B00A2FDD6 /* NvsFxDescription.h */,
				98E3C9C61EFA1B9B00A2FDD6 /* NvsLiveWindow.h */,
				98E3C9C71EFA1B9B00A2FDD6 /* NvsObject.h */,
				98E3C9C81EFA1B9B00A2FDD6 /* NvsStreamingContext.h */,
				98E3C9C91EFA1B9B00A2FDD6 /* NvsThumbnailSequenceView.h */,
				98E3C9CA1EFA1B9B00A2FDD6 /* NvsTimeline.h */,
				98E3C9CB1EFA1B9B00A2FDD6 /* NvsTimelineAnimatedSticker.h */,
				98E3C9CC1EFA1B9B00A2FDD6 /* NvsTimelineCaption.h */,
				98E3C9CD1EFA1B9B00A2FDD6 /* NvsTimelineVideoFx.h */,
				98E3C9CE1EFA1B9B00A2FDD6 /* NvsTrack.h */,
				98E3C9CF1EFA1B9B00A2FDD6 /* NvsVideoClip.h */,
				98E3C9D01EFA1B9B00A2FDD6 /* NvsVideoFrameReceiver.h */,
				98E3C9D11EFA1B9B00A2FDD6 /* NvsVideoFrameRetriever.h */,
				98E3C9D21EFA1B9B00A2FDD6 /* NvsVideoFx.h */,
				98E3C9D31EFA1B9B00A2FDD6 /* NvsVideoTrack.h */,
				98E3C9D41EFA1B9B00A2FDD6 /* NvsVideoTransition.h */,
			);
			path = ios;
			sourceTree = "<group>";
		};
/* End PBXGroup section */

/* Begin PBXHeadersBuildPhase section */
		567E0B7C1EF939CC00C4C527 /* Headers */ = {
			isa = PBXHeadersBuildPhase;
			buildActionMask = 2147483647;
			files = (
				988AC6E81F010B0D007FBCEF /* FSControlVolumeView.h in Headers */,
				988AC6E31EFE6926007FBCEF /* FSFilterButton.h in Headers */,
				567E0B831EF939CC00C4C527 /* FSVideoEditorKit.h in Headers */,
				988AC6D91EFE560B007FBCEF /* FSEditVideoNameView.h in Headers */,
				988AC6CB1EFD3BB7007FBCEF /* FSEditVideoTool.h in Headers */,
				567E0B8E1EF93A1C00C4C527 /* FSLocalVideoController.h in Headers */,
				567E0B9C1EFA20BC00C4C527 /* FSLocalPhotoManager.h in Headers */,
				988AC6C61EFD1D3D007FBCEF /* FSProgressView.h in Headers */,
				988AC6DE1EFE65C2007FBCEF /* FSFilterView.h in Headers */,
				988AC6D41EFE4B99007FBCEF /* FSPublisherToolView.h in Headers */,
			);
			runOnlyForDeploymentPostprocessing = 0;
		};
/* End PBXHeadersBuildPhase section */

/* Begin PBXNativeTarget section */
		567E0B4D1EF930D100C4C527 /* FSVideoEditor */ = {
			isa = PBXNativeTarget;
			buildConfigurationList = 567E0B651EF930D100C4C527 /* Build configuration list for PBXNativeTarget "FSVideoEditor" */;
			buildPhases = (
				567E0B4A1EF930D100C4C527 /* Sources */,
				567E0B4B1EF930D100C4C527 /* Frameworks */,
				567E0B4C1EF930D100C4C527 /* Resources */,
				567E0B791EF939A700C4C527 /* Embed Frameworks */,
			);
			buildRules = (
			);
			dependencies = (
			);
			name = FSVideoEditor;
			productName = FSVideoEditor;
			productReference = 567E0B4E1EF930D100C4C527 /* FSVideoEditor.app */;
			productType = "com.apple.product-type.application";
		};
		567E0B7E1EF939CC00C4C527 /* FSVideoEditorKit */ = {
			isa = PBXNativeTarget;
			buildConfigurationList = 567E0B881EF939CC00C4C527 /* Build configuration list for PBXNativeTarget "FSVideoEditorKit" */;
			buildPhases = (
				567E0B7A1EF939CC00C4C527 /* Sources */,
				567E0B7B1EF939CC00C4C527 /* Frameworks */,
				567E0B7C1EF939CC00C4C527 /* Headers */,
				567E0B7D1EF939CC00C4C527 /* Resources */,
			);
			buildRules = (
			);
			dependencies = (
			);
			name = FSVideoEditorKit;
			productName = FSVideoEditorKit;
			productReference = 567E0B7F1EF939CC00C4C527 /* FSVideoEditorKit.framework */;
			productType = "com.apple.product-type.framework";
		};
/* End PBXNativeTarget section */

/* Begin PBXProject section */
		567E0B461EF930D100C4C527 /* Project object */ = {
			isa = PBXProject;
			attributes = {
				LastUpgradeCheck = 0830;
				ORGANIZATIONNAME = Fission;
				TargetAttributes = {
					567E0B4D1EF930D100C4C527 = {
						CreatedOnToolsVersion = 8.3.2;
						DevelopmentTeam = 3PSN5E79R7;
						ProvisioningStyle = Automatic;
					};
					567E0B7E1EF939CC00C4C527 = {
						CreatedOnToolsVersion = 8.3.2;
						DevelopmentTeam = 3PSN5E79R7;
						ProvisioningStyle = Automatic;
					};
				};
			};
			buildConfigurationList = 567E0B491EF930D100C4C527 /* Build configuration list for PBXProject "FSVideoEditor" */;
			compatibilityVersion = "Xcode 3.2";
			developmentRegion = English;
			hasScannedForEncodings = 0;
			knownRegions = (
				en,
				Base,
			);
			mainGroup = 567E0B451EF930D100C4C527;
			productRefGroup = 567E0B4F1EF930D100C4C527 /* Products */;
			projectDirPath = "";
			projectRoot = "";
			targets = (
				567E0B4D1EF930D100C4C527 /* FSVideoEditor */,
				567E0B7E1EF939CC00C4C527 /* FSVideoEditorKit */,
			);
		};
/* End PBXProject section */

/* Begin PBXResourcesBuildPhase section */
		567E0B4C1EF930D100C4C527 /* Resources */ = {
			isa = PBXResourcesBuildPhase;
			buildActionMask = 2147483647;
			files = (
				567A3D611EFB6F830026247E /* LICENSE.txt in Resources */,
				562D40721EFE4FD900BF0E0D /* A8A4344D-45DA-460F-A18F-C0E2355FE864.videofx in Resources */,
				562D40701EFE4D2A00BF0E0D /* C6273A8F-C899-4765-8BFC-E683EE37AA84.videofx in Resources */,
				567E0B611EF930D100C4C527 /* LaunchScreen.storyboard in Resources */,
				567E0B5E1EF930D100C4C527 /* Assets.xcassets in Resources */,
				567E0B5C1EF930D100C4C527 /* Main.storyboard in Resources */,
				567A3D811EFB6F8E0026247E /* LICENSE in Resources */,
			);
			runOnlyForDeploymentPostprocessing = 0;
		};
		567E0B7D1EF939CC00C4C527 /* Resources */ = {
			isa = PBXResourcesBuildPhase;
			buildActionMask = 2147483647;
			files = (
			);
			runOnlyForDeploymentPostprocessing = 0;
		};
/* End PBXResourcesBuildPhase section */

/* Begin PBXSourcesBuildPhase section */
		567E0B4A1EF930D100C4C527 /* Sources */ = {
			isa = PBXSourcesBuildPhase;
			buildActionMask = 2147483647;
			files = (
				567A3D4C1EFB66B60026247E /* FSFileUploadChecker.m in Sources */,
				563A37901EFFE43800852642 /* FSThumbnailView.m in Sources */,
				567A3D481EFB66B60026247E /* FSFileUploadTool.m in Sources */,
				9840603C1EF93F130049B58E /* FSShortVideoRecorderController.m in Sources */,
				567A3D421EFB66B60026247E /* FSFile.m in Sources */,
				567A3D8B1EFB6F8E0026247E /* NSString+MJExtension.m in Sources */,
				567A3D651EFB6F830026247E /* FMDatabasePool.m in Sources */,
				567A3D661EFB6F830026247E /* FMDatabaseQueue.m in Sources */,
				988AC6DF1EFE65C2007FBCEF /* FSFilterView.m in Sources */,
				567A3D4D1EFB66B60026247E /* FSFileUploader.m in Sources */,
				567A3D8A1EFB6F8E0026247E /* NSObject+MJProperty.m in Sources */,
				567A3D841EFB6F8E0026247E /* MJProperty.m in Sources */,
				567E0B9D1EFA20BC00C4C527 /* FSLocalPhotoManager.m in Sources */,
				567A3D861EFB6F8E0026247E /* MJPropertyType.m in Sources */,
				562D40541EFD1DE200BF0E0D /* AFHTTPSessionManager.m in Sources */,
				567A3D821EFB6F8E0026247E /* MJExtensionConst.m in Sources */,
				567A3D621EFB6F830026247E /* README.markdown in Sources */,
				567A3D451EFB66B60026247E /* FSFileSizeDivider.m in Sources */,
				562D40551EFD1DE200BF0E0D /* AFNetworkReachabilityManager.m in Sources */,
				567A3D871EFB6F8E0026247E /* NSObject+MJClass.m in Sources */,
				988AC6DA1EFE560B007FBCEF /* FSEditVideoNameView.m in Sources */,
				988AC6C71EFD1D3D007FBCEF /* FSProgressView.m in Sources */,
				988AC6D51EFE4B99007FBCEF /* FSPublisherToolView.m in Sources */,
				567E0B591EF930D100C4C527 /* ViewController.m in Sources */,
				567A3D831EFB6F8E0026247E /* MJFoundation.m in Sources */,
				567A3D671EFB6F830026247E /* FMResultSet.m in Sources */,
				567A3D471EFB66B60026247E /* FSFileDownloadCache.m in Sources */,
				567A3D441EFB66B60026247E /* FSFileDivider.m in Sources */,
				567A3D4B1EFB66B60026247E /* FSUploadCache.m in Sources */,
				567A3D631EFB6F830026247E /* FMDatabase.m in Sources */,
				562D40591EFD1DE200BF0E0D /* AFURLSessionManager.m in Sources */,
				567A3D4E1EFB66B60026247E /* FSUploader.m in Sources */,
				567A3D8C1EFB6F8E0026247E /* README.md in Sources */,
				562D40641EFE402E00BF0E0D /* FSPublishView.m in Sources */,
				562D40561EFD1DE200BF0E0D /* AFSecurityPolicy.m in Sources */,
				988AC6E41EFE6926007FBCEF /* FSFilterButton.m in Sources */,
				5647BC3F1F02954B0072B618 /* FSDissolveAnimator.m in Sources */,
				567E0B561EF930D100C4C527 /* AppDelegate.m in Sources */,
				567A3D431EFB66B60026247E /* FSFileSlice.m in Sources */,
				562D403F1EFBE8A100BF0E0D /* FSLocalEditorController.m in Sources */,
				562D405D1EFD39F100BF0E0D /* FSPublisherController.m in Sources */,
				5647BC3C1F0272110072B618 /* FSControlView.m in Sources */,
				567A3D851EFB6F8E0026247E /* MJPropertyKey.m in Sources */,
				567E0BA51EFA4DB400C4C527 /* FSAlbumVideoCell.m in Sources */,
				562D40581EFD1DE200BF0E0D /* AFURLResponseSerialization.m in Sources */,
				9840603D1EF93F130049B58E /* FSShortVideoRecorderManager.m in Sources */,
				562D406B1EFE4B4400BF0E0D /* FSVideoFxView.m in Sources */,
				988AC6CC1EFD3BB7007FBCEF /* FSEditVideoTool.m in Sources */,
				567A3D501EFB66B60026247E /* FSMD5Utils.m in Sources */,
				567A3D891EFB6F8E0026247E /* NSObject+MJKeyValue.m in Sources */,
				562D40761EFE6A8A00BF0E0D /* FSVideoClipProgress.m in Sources */,
				567A3D911EFB7EC80026247E /* FSFileSliceDivider.m in Sources */,
				567A3D641EFB6F830026247E /* FMDatabaseAdditions.m in Sources */,
				567A3D461EFB66B60026247E /* FSFileDownLoadTool.m in Sources */,
				562D40571EFD1DE200BF0E0D /* AFURLRequestSerialization.m in Sources */,
				562D40611EFE3B5000BF0E0D /* FSEditorLoading.m in Sources */,
				567A3D4F1EFB66B60026247E /* FSFileUploadDBManager.m in Sources */,
				567E0BA21EFA49F500C4C527 /* FSVideoListView.m in Sources */,
				567E0B8F1EF93A1C00C4C527 /* FSLocalVideoController.m in Sources */,
				567E0B531EF930D100C4C527 /* main.m in Sources */,
				567A3D881EFB6F8E0026247E /* NSObject+MJCoding.m in Sources */,
				567A3D4A1EFB66B60026247E /* FSFileUploadCache.m in Sources */,
				562D40671EFE41CE00BF0E0D /* FSVideoFxController.m in Sources */,
				5647BC421F0295E00072B618 /* FSSpringAnimator.m in Sources */,
				988AC6E91F010B0D007FBCEF /* FSControlVolumeView.m in Sources */,
				567A3D491EFB66B60026247E /* FSDBUploadCache.m in Sources */,
				9840603E1EF93F130049B58E /* FSShortVideoRecorderView.m in Sources */,
			);
			runOnlyForDeploymentPostprocessing = 0;
		};
		567E0B7A1EF939CC00C4C527 /* Sources */ = {
			isa = PBXSourcesBuildPhase;
			buildActionMask = 2147483647;
			files = (
				988AC6EA1F010B0D007FBCEF /* FSControlVolumeView.m in Sources */,
			);
			runOnlyForDeploymentPostprocessing = 0;
		};
/* End PBXSourcesBuildPhase section */

/* Begin PBXVariantGroup section */
		567E0B5A1EF930D100C4C527 /* Main.storyboard */ = {
			isa = PBXVariantGroup;
			children = (
				567E0B5B1EF930D100C4C527 /* Base */,
			);
			name = Main.storyboard;
			sourceTree = "<group>";
		};
		567E0B5F1EF930D100C4C527 /* LaunchScreen.storyboard */ = {
			isa = PBXVariantGroup;
			children = (
				567E0B601EF930D100C4C527 /* Base */,
			);
			name = LaunchScreen.storyboard;
			sourceTree = "<group>";
		};
/* End PBXVariantGroup section */

/* Begin XCBuildConfiguration section */
		567E0B631EF930D100C4C527 /* Debug */ = {
			isa = XCBuildConfiguration;
			buildSettings = {
				ALWAYS_SEARCH_USER_PATHS = NO;
				CLANG_ANALYZER_NONNULL = YES;
				CLANG_ANALYZER_NUMBER_OBJECT_CONVERSION = YES_AGGRESSIVE;
				CLANG_CXX_LANGUAGE_STANDARD = "gnu++0x";
				CLANG_CXX_LIBRARY = "libc++";
				CLANG_ENABLE_MODULES = YES;
				CLANG_ENABLE_OBJC_ARC = YES;
				CLANG_WARN_BOOL_CONVERSION = YES;
				CLANG_WARN_CONSTANT_CONVERSION = YES;
				CLANG_WARN_DIRECT_OBJC_ISA_USAGE = YES_ERROR;
				CLANG_WARN_DOCUMENTATION_COMMENTS = YES;
				CLANG_WARN_EMPTY_BODY = YES;
				CLANG_WARN_ENUM_CONVERSION = YES;
				CLANG_WARN_INFINITE_RECURSION = YES;
				CLANG_WARN_INT_CONVERSION = YES;
				CLANG_WARN_OBJC_ROOT_CLASS = YES_ERROR;
				CLANG_WARN_SUSPICIOUS_MOVE = YES;
				CLANG_WARN_UNREACHABLE_CODE = YES;
				CLANG_WARN__DUPLICATE_METHOD_MATCH = YES;
				"CODE_SIGN_IDENTITY[sdk=iphoneos*]" = "iPhone Developer";
				COPY_PHASE_STRIP = NO;
				DEBUG_INFORMATION_FORMAT = dwarf;
				ENABLE_STRICT_OBJC_MSGSEND = YES;
				ENABLE_TESTABILITY = YES;
				GCC_C_LANGUAGE_STANDARD = gnu99;
				GCC_DYNAMIC_NO_PIC = NO;
				GCC_NO_COMMON_BLOCKS = YES;
				GCC_OPTIMIZATION_LEVEL = 0;
				GCC_PREFIX_HEADER = "$(SRCROOT)/FSVideoEditor/FSEditorPch.pch";
				GCC_PREPROCESSOR_DEFINITIONS = (
					"DEBUG=1",
					"$(inherited)",
				);
				GCC_WARN_64_TO_32_BIT_CONVERSION = YES;
				GCC_WARN_ABOUT_RETURN_TYPE = YES_ERROR;
				GCC_WARN_UNDECLARED_SELECTOR = YES;
				GCC_WARN_UNINITIALIZED_AUTOS = YES_AGGRESSIVE;
				GCC_WARN_UNUSED_FUNCTION = YES;
				GCC_WARN_UNUSED_VARIABLE = YES;
				IPHONEOS_DEPLOYMENT_TARGET = 10.3;
				MTL_ENABLE_DEBUG_INFO = YES;
				ONLY_ACTIVE_ARCH = YES;
				SDKROOT = iphoneos;
			};
			name = Debug;
		};
		567E0B641EF930D100C4C527 /* Release */ = {
			isa = XCBuildConfiguration;
			buildSettings = {
				ALWAYS_SEARCH_USER_PATHS = NO;
				CLANG_ANALYZER_NONNULL = YES;
				CLANG_ANALYZER_NUMBER_OBJECT_CONVERSION = YES_AGGRESSIVE;
				CLANG_CXX_LANGUAGE_STANDARD = "gnu++0x";
				CLANG_CXX_LIBRARY = "libc++";
				CLANG_ENABLE_MODULES = YES;
				CLANG_ENABLE_OBJC_ARC = YES;
				CLANG_WARN_BOOL_CONVERSION = YES;
				CLANG_WARN_CONSTANT_CONVERSION = YES;
				CLANG_WARN_DIRECT_OBJC_ISA_USAGE = YES_ERROR;
				CLANG_WARN_DOCUMENTATION_COMMENTS = YES;
				CLANG_WARN_EMPTY_BODY = YES;
				CLANG_WARN_ENUM_CONVERSION = YES;
				CLANG_WARN_INFINITE_RECURSION = YES;
				CLANG_WARN_INT_CONVERSION = YES;
				CLANG_WARN_OBJC_ROOT_CLASS = YES_ERROR;
				CLANG_WARN_SUSPICIOUS_MOVE = YES;
				CLANG_WARN_UNREACHABLE_CODE = YES;
				CLANG_WARN__DUPLICATE_METHOD_MATCH = YES;
				"CODE_SIGN_IDENTITY[sdk=iphoneos*]" = "iPhone Developer";
				COPY_PHASE_STRIP = NO;
				DEBUG_INFORMATION_FORMAT = "dwarf-with-dsym";
				ENABLE_NS_ASSERTIONS = NO;
				ENABLE_STRICT_OBJC_MSGSEND = YES;
				GCC_C_LANGUAGE_STANDARD = gnu99;
				GCC_NO_COMMON_BLOCKS = YES;
				GCC_PREFIX_HEADER = "$(SRCROOT)/FSVideoEditor/FSEditorPch.pch";
				GCC_WARN_64_TO_32_BIT_CONVERSION = YES;
				GCC_WARN_ABOUT_RETURN_TYPE = YES_ERROR;
				GCC_WARN_UNDECLARED_SELECTOR = YES;
				GCC_WARN_UNINITIALIZED_AUTOS = YES_AGGRESSIVE;
				GCC_WARN_UNUSED_FUNCTION = YES;
				GCC_WARN_UNUSED_VARIABLE = YES;
				IPHONEOS_DEPLOYMENT_TARGET = 10.3;
				MTL_ENABLE_DEBUG_INFO = NO;
				SDKROOT = iphoneos;
				VALIDATE_PRODUCT = YES;
			};
			name = Release;
		};
		567E0B661EF930D100C4C527 /* Debug */ = {
			isa = XCBuildConfiguration;
			buildSettings = {
				ASSETCATALOG_COMPILER_APPICON_NAME = AppIcon;
				DEVELOPMENT_TEAM = 3PSN5E79R7;
				ENABLE_BITCODE = NO;
				HEADER_SEARCH_PATHS = "$(PROJECT_DIR)/FSVideoEditor/ThirdFramwork/NvStreamingSdk/include/sdkcore/ios";
				INFOPLIST_FILE = FSVideoEditor/Info.plist;
				IPHONEOS_DEPLOYMENT_TARGET = 8.0;
				LD_RUNPATH_SEARCH_PATHS = "$(inherited) @executable_path/Frameworks";
				LIBRARY_SEARCH_PATHS = (
					"$(inherited)",
					"$(PROJECT_DIR)/FSVideoEditor/ThirdFramwork/NvStreamingSdk/lib/ios",
				);
				PRODUCT_BUNDLE_IDENTIFIER = fission.com.FSVideoEditor;
				PRODUCT_NAME = "$(TARGET_NAME)";
			};
			name = Debug;
		};
		567E0B671EF930D100C4C527 /* Release */ = {
			isa = XCBuildConfiguration;
			buildSettings = {
				ASSETCATALOG_COMPILER_APPICON_NAME = AppIcon;
				DEVELOPMENT_TEAM = 3PSN5E79R7;
				ENABLE_BITCODE = NO;
				HEADER_SEARCH_PATHS = "$(PROJECT_DIR)/FSVideoEditor/ThirdFramwork/NvStreamingSdk/include/sdkcore/ios";
				INFOPLIST_FILE = FSVideoEditor/Info.plist;
				IPHONEOS_DEPLOYMENT_TARGET = 8.0;
				LD_RUNPATH_SEARCH_PATHS = "$(inherited) @executable_path/Frameworks";
				LIBRARY_SEARCH_PATHS = (
					"$(inherited)",
					"$(PROJECT_DIR)/FSVideoEditor/ThirdFramwork/NvStreamingSdk/lib/ios",
				);
				PRODUCT_BUNDLE_IDENTIFIER = fission.com.FSVideoEditor;
				PRODUCT_NAME = "$(TARGET_NAME)";
			};
			name = Release;
		};
		567E0B891EF939CC00C4C527 /* Debug */ = {
			isa = XCBuildConfiguration;
			buildSettings = {
				CODE_SIGN_IDENTITY = "";
				CURRENT_PROJECT_VERSION = 1;
				DEFINES_MODULE = YES;
				DEVELOPMENT_TEAM = 3PSN5E79R7;
				DYLIB_COMPATIBILITY_VERSION = 1;
				DYLIB_CURRENT_VERSION = 1;
				DYLIB_INSTALL_NAME_BASE = "@rpath";
				INFOPLIST_FILE = FSVideoEditorKit/Info.plist;
				INSTALL_PATH = "$(LOCAL_LIBRARY_DIR)/Frameworks";
				LD_RUNPATH_SEARCH_PATHS = "$(inherited) @executable_path/Frameworks @loader_path/Frameworks";
				LIBRARY_SEARCH_PATHS = (
					"$(inherited)",
					"$(PROJECT_DIR)/FSVideoEditor/ThirdFramwork/NvStreamingSdk/lib/ios",
				);
				PRODUCT_BUNDLE_IDENTIFIER = fission.com.FSVideoEditorKit;
				PRODUCT_NAME = "$(TARGET_NAME)";
				SKIP_INSTALL = YES;
				TARGETED_DEVICE_FAMILY = "1,2";
				VERSIONING_SYSTEM = "apple-generic";
				VERSION_INFO_PREFIX = "";
			};
			name = Debug;
		};
		567E0B8A1EF939CC00C4C527 /* Release */ = {
			isa = XCBuildConfiguration;
			buildSettings = {
				CODE_SIGN_IDENTITY = "";
				CURRENT_PROJECT_VERSION = 1;
				DEFINES_MODULE = YES;
				DEVELOPMENT_TEAM = 3PSN5E79R7;
				DYLIB_COMPATIBILITY_VERSION = 1;
				DYLIB_CURRENT_VERSION = 1;
				DYLIB_INSTALL_NAME_BASE = "@rpath";
				INFOPLIST_FILE = FSVideoEditorKit/Info.plist;
				INSTALL_PATH = "$(LOCAL_LIBRARY_DIR)/Frameworks";
				LD_RUNPATH_SEARCH_PATHS = "$(inherited) @executable_path/Frameworks @loader_path/Frameworks";
				LIBRARY_SEARCH_PATHS = (
					"$(inherited)",
					"$(PROJECT_DIR)/FSVideoEditor/ThirdFramwork/NvStreamingSdk/lib/ios",
				);
				PRODUCT_BUNDLE_IDENTIFIER = fission.com.FSVideoEditorKit;
				PRODUCT_NAME = "$(TARGET_NAME)";
				SKIP_INSTALL = YES;
				TARGETED_DEVICE_FAMILY = "1,2";
				VERSIONING_SYSTEM = "apple-generic";
				VERSION_INFO_PREFIX = "";
			};
			name = Release;
		};
/* End XCBuildConfiguration section */

/* Begin XCConfigurationList section */
		567E0B491EF930D100C4C527 /* Build configuration list for PBXProject "FSVideoEditor" */ = {
			isa = XCConfigurationList;
			buildConfigurations = (
				567E0B631EF930D100C4C527 /* Debug */,
				567E0B641EF930D100C4C527 /* Release */,
			);
			defaultConfigurationIsVisible = 0;
			defaultConfigurationName = Release;
		};
		567E0B651EF930D100C4C527 /* Build configuration list for PBXNativeTarget "FSVideoEditor" */ = {
			isa = XCConfigurationList;
			buildConfigurations = (
				567E0B661EF930D100C4C527 /* Debug */,
				567E0B671EF930D100C4C527 /* Release */,
			);
			defaultConfigurationIsVisible = 0;
			defaultConfigurationName = Release;
		};
		567E0B881EF939CC00C4C527 /* Build configuration list for PBXNativeTarget "FSVideoEditorKit" */ = {
			isa = XCConfigurationList;
			buildConfigurations = (
				567E0B891EF939CC00C4C527 /* Debug */,
				567E0B8A1EF939CC00C4C527 /* Release */,
			);
			defaultConfigurationIsVisible = 0;
			defaultConfigurationName = Release;
		};
/* End XCConfigurationList section */
	};
	rootObject = 567E0B461EF930D100C4C527 /* Project object */;
}
